// !$*UTF8*$!
{
	archiveVersion = 1;
	classes = {
	};
	objectVersion = 46;
	objects = {

/* Begin PBXBuildFile section */
		075273251D82986C00B13DEC /* RTMenuDishOptionType.m in Sources */ = {isa = PBXBuildFile; fileRef = 075273241D82986C00B13DEC /* RTMenuDishOptionType.m */; };
		075273281D82993300B13DEC /* RTMenuDishOptionTypeCell.m in Sources */ = {isa = PBXBuildFile; fileRef = 075273271D82993300B13DEC /* RTMenuDishOptionTypeCell.m */; };
		07FF6DFB1D7E68F100A8856A /* RTMenuDishOption.storyboard in Resources */ = {isa = PBXBuildFile; fileRef = 07FF6DFA1D7E68F100A8856A /* RTMenuDishOption.storyboard */; };
		07FF6E001D7E714B00A8856A /* RTMenuDishOption.m in Sources */ = {isa = PBXBuildFile; fileRef = 07FF6DFF1D7E714B00A8856A /* RTMenuDishOption.m */; };
		A5AECD49C9D9FE5A3EE637A9 /* libPods.a in Frameworks */ = {isa = PBXBuildFile; fileRef = FD36E7F226A3B408FF06C25D /* libPods.a */; };
		A70F0BE71D66AC0A0092124D /* RTMenuIndex.storyboard in Resources */ = {isa = PBXBuildFile; fileRef = A70F0BE61D66AC0A0092124D /* RTMenuIndex.storyboard */; };
		A70F0BEA1D66ACEA0092124D /* RTMenuIndex.m in Sources */ = {isa = PBXBuildFile; fileRef = A70F0BE91D66ACEA0092124D /* RTMenuIndex.m */; };
		A70F0BEC1D66AEFD0092124D /* RTMenuDish.storyboard in Resources */ = {isa = PBXBuildFile; fileRef = A70F0BEB1D66AEFD0092124D /* RTMenuDish.storyboard */; };
		A70F0BEF1D66AF8F0092124D /* RTMenuDish.m in Sources */ = {isa = PBXBuildFile; fileRef = A70F0BEE1D66AF8F0092124D /* RTMenuDish.m */; };
		A70F0BF21D66B4060092124D /* RTMenuDishType.m in Sources */ = {isa = PBXBuildFile; fileRef = A70F0BF11D66B4060092124D /* RTMenuDishType.m */; };
		A70F0BF81D66B4D20092124D /* RTMenuDishTypeCell.m in Sources */ = {isa = PBXBuildFile; fileRef = A70F0BF71D66B4D20092124D /* RTMenuDishTypeCell.m */; };
		A739301B1D9A9A7300E685B9 /* RTMenuOrderViewPackageDish.m in Sources */ = {isa = PBXBuildFile; fileRef = A739301A1D9A9A7300E685B9 /* RTMenuOrderViewPackageDish.m */; };
		A73930211D9A9F1500E685B9 /* RTMenuOrderCheckoutPackageCell.m in Sources */ = {isa = PBXBuildFile; fileRef = A73930201D9A9F1500E685B9 /* RTMenuOrderCheckoutPackageCell.m */; };
		A73930241D9BB7E300E685B9 /* RTMenuOrderViewPackageType.m in Sources */ = {isa = PBXBuildFile; fileRef = A73930231D9BB7E300E685B9 /* RTMenuOrderViewPackageType.m */; };
		A74DC4C61D79335E004DEA56 /* RTLoginUserCell.m in Sources */ = {isa = PBXBuildFile; fileRef = A74DC4C51D79335E004DEA56 /* RTLoginUserCell.m */; };
		A74DC4D01D7946C1004DEA56 /* AESCrypt.m in Sources */ = {isa = PBXBuildFile; fileRef = A74DC4C91D7946C1004DEA56 /* AESCrypt.m */; };
		A74DC4D11D7946C1004DEA56 /* NSData+Base64.m in Sources */ = {isa = PBXBuildFile; fileRef = A74DC4CB1D7946C1004DEA56 /* NSData+Base64.m */; };
		A74DC4D21D7946C1004DEA56 /* NSData+CommonCrypto.m in Sources */ = {isa = PBXBuildFile; fileRef = A74DC4CD1D7946C1004DEA56 /* NSData+CommonCrypto.m */; };
		A74DC4D31D7946C1004DEA56 /* NSString+Base64.m in Sources */ = {isa = PBXBuildFile; fileRef = A74DC4CF1D7946C1004DEA56 /* NSString+Base64.m */; };
		A74DC4D71D794B49004DEA56 /* RTAlertView.m in Sources */ = {isa = PBXBuildFile; fileRef = A74DC4D61D794B49004DEA56 /* RTAlertView.m */; };
		A74DC4DA1D795062004DEA56 /* Localizable.strings in Resources */ = {isa = PBXBuildFile; fileRef = A74DC4DC1D795062004DEA56 /* Localizable.strings */; };
		A74DC4DF1D797184004DEA56 /* RTMenuDesktopDataForm.m in Sources */ = {isa = PBXBuildFile; fileRef = A74DC4DE1D797184004DEA56 /* RTMenuDesktopDataForm.m */; };
		A76E417D1D90E678005E5031 /* RTMenuOrder.storyboard in Resources */ = {isa = PBXBuildFile; fileRef = A76E417C1D90E678005E5031 /* RTMenuOrder.storyboard */; };
		A76E41811D90E738005E5031 /* RTMenuOrder.m in Sources */ = {isa = PBXBuildFile; fileRef = A76E41801D90E738005E5031 /* RTMenuOrder.m */; };
		A76E41841D9103D1005E5031 /* RTMenuOrderArea.m in Sources */ = {isa = PBXBuildFile; fileRef = A76E41831D9103D1005E5031 /* RTMenuOrderArea.m */; };
		A76E41871D910495005E5031 /* RTMenuOrderAreaCellOn.m in Sources */ = {isa = PBXBuildFile; fileRef = A76E41861D910495005E5031 /* RTMenuOrderAreaCellOn.m */; };
		A76E418A1D910536005E5031 /* RTMenuOrderAreaCellOff.m in Sources */ = {isa = PBXBuildFile; fileRef = A76E41891D910536005E5031 /* RTMenuOrderAreaCellOff.m */; };
		A76E418D1D912802005E5031 /* RTMenuCollection.m in Sources */ = {isa = PBXBuildFile; fileRef = A76E418C1D912802005E5031 /* RTMenuCollection.m */; };
		A76E41901D9128DB005E5031 /* RTMenuItemCollectionCell.m in Sources */ = {isa = PBXBuildFile; fileRef = A76E418F1D9128DB005E5031 /* RTMenuItemCollectionCell.m */; };
		A76E41941D913EBE005E5031 /* RTMenuOrderOutside.m in Sources */ = {isa = PBXBuildFile; fileRef = A76E41931D913EBE005E5031 /* RTMenuOrderOutside.m */; };
		A770F2F61D9CC89F0013E6B8 /* RTMenuOrderInside.m in Sources */ = {isa = PBXBuildFile; fileRef = A770F2F51D9CC89F0013E6B8 /* RTMenuOrderInside.m */; };
		A770F2F91D9D08EB0013E6B8 /* RTLoginUser.m in Sources */ = {isa = PBXBuildFile; fileRef = A770F2F81D9D08EB0013E6B8 /* RTLoginUser.m */; };
		A775695A1D655DCE008D3718 /* main.m in Sources */ = {isa = PBXBuildFile; fileRef = A77569591D655DCE008D3718 /* main.m */; };
		A775695D1D655DCE008D3718 /* AppDelegate.m in Sources */ = {isa = PBXBuildFile; fileRef = A775695C1D655DCE008D3718 /* AppDelegate.m */; };
		A77569601D655DCE008D3718 /* ViewController.m in Sources */ = {isa = PBXBuildFile; fileRef = A775695F1D655DCE008D3718 /* ViewController.m */; };
		A77569631D655DCE008D3718 /* Main.storyboard in Resources */ = {isa = PBXBuildFile; fileRef = A77569611D655DCE008D3718 /* Main.storyboard */; };
		A77569651D655DCE008D3718 /* Assets.xcassets in Resources */ = {isa = PBXBuildFile; fileRef = A77569641D655DCE008D3718 /* Assets.xcassets */; };
		A77569681D655DCE008D3718 /* LaunchScreen.storyboard in Resources */ = {isa = PBXBuildFile; fileRef = A77569661D655DCE008D3718 /* LaunchScreen.storyboard */; };
		A77569731D655DCE008D3718 /* MrposGeeksTests.m in Sources */ = {isa = PBXBuildFile; fileRef = A77569721D655DCE008D3718 /* MrposGeeksTests.m */; };
		A775697E1D655DCE008D3718 /* MrposGeeksUITests.m in Sources */ = {isa = PBXBuildFile; fileRef = A775697D1D655DCE008D3718 /* MrposGeeksUITests.m */; };
		A77569911D656348008D3718 /* RTRootMenu.storyboard in Resources */ = {isa = PBXBuildFile; fileRef = A77569901D656348008D3718 /* RTRootMenu.storyboard */; };
		A77569941D656386008D3718 /* RTRoot.m in Sources */ = {isa = PBXBuildFile; fileRef = A77569931D656386008D3718 /* RTRoot.m */; };
		A77569971D656412008D3718 /* RTNavigationController.m in Sources */ = {isa = PBXBuildFile; fileRef = A77569961D656412008D3718 /* RTNavigationController.m */; };
		A775699D1D656598008D3718 /* RTMenu.m in Sources */ = {isa = PBXBuildFile; fileRef = A775699C1D656598008D3718 /* RTMenu.m */; };
		A77569A01D656633008D3718 /* RTMenuItemCell.m in Sources */ = {isa = PBXBuildFile; fileRef = A775699F1D656633008D3718 /* RTMenuItemCell.m */; };
		A77569A51D656768008D3718 /* Menu.plist in Resources */ = {isa = PBXBuildFile; fileRef = A77569A41D656768008D3718 /* Menu.plist */; };
		A77569A71D657115008D3718 /* RTMenuSystem.storyboard in Resources */ = {isa = PBXBuildFile; fileRef = A77569A61D657115008D3718 /* RTMenuSystem.storyboard */; };
		A77569AA1D6585C3008D3718 /* RTMenuSystem.m in Sources */ = {isa = PBXBuildFile; fileRef = A77569A91D6585C3008D3718 /* RTMenuSystem.m */; };
		A77798911D94C33F00CC8BAF /* RTMenuOrderViewItem.m in Sources */ = {isa = PBXBuildFile; fileRef = A77798901D94C33E00CC8BAF /* RTMenuOrderViewItem.m */; };
		A77798991D94C54500CC8BAF /* RTMenuOrderCheckoutSingleCell.m in Sources */ = {isa = PBXBuildFile; fileRef = A77798981D94C54500CC8BAF /* RTMenuOrderCheckoutSingleCell.m */; };
		A782AD521D98B12800C0012B /* RTMenuOrderPackageDish.m in Sources */ = {isa = PBXBuildFile; fileRef = A782AD511D98B12800C0012B /* RTMenuOrderPackageDish.m */; };
		A782AD551D98B18B00C0012B /* RTMenuOrderPackageChoose.m in Sources */ = {isa = PBXBuildFile; fileRef = A782AD541D98B18B00C0012B /* RTMenuOrderPackageChoose.m */; };
		A782AD581D98BB7500C0012B /* RTNavigationChoosePackage.m in Sources */ = {isa = PBXBuildFile; fileRef = A782AD571D98BB7500C0012B /* RTNavigationChoosePackage.m */; };
		A782AD5B1D98CF2700C0012B /* RTMenuOrderPackageCellTitle.m in Sources */ = {isa = PBXBuildFile; fileRef = A782AD5A1D98CF2700C0012B /* RTMenuOrderPackageCellTitle.m */; };
		A782AD5E1D98CF3D00C0012B /* RTMenuOrderPackageCellChoose.m in Sources */ = {isa = PBXBuildFile; fileRef = A782AD5D1D98CF3D00C0012B /* RTMenuOrderPackageCellChoose.m */; };
		A782AD661D991F4000C0012B /* RTMenuOrderPackageDishOption.m in Sources */ = {isa = PBXBuildFile; fileRef = A782AD651D991F4000C0012B /* RTMenuOrderPackageDishOption.m */; };
		A782AD691D991F5F00C0012B /* RTMenuOrderPackageDishOptionType.m in Sources */ = {isa = PBXBuildFile; fileRef = A782AD681D991F5F00C0012B /* RTMenuOrderPackageDishOptionType.m */; };
		A7B2A8FC1D9238D4002A25FE /* RTMenuOrderSingleDish.m in Sources */ = {isa = PBXBuildFile; fileRef = A7B2A8FB1D9238D4002A25FE /* RTMenuOrderSingleDish.m */; };
		A7B2A8FF1D9238F7002A25FE /* RTMenuOrderDishTypeCell.m in Sources */ = {isa = PBXBuildFile; fileRef = A7B2A8FE1D9238F7002A25FE /* RTMenuOrderDishTypeCell.m */; };
		A7B2A9021D9253E8002A25FE /* RTMenuOrderPackage.m in Sources */ = {isa = PBXBuildFile; fileRef = A7B2A9011D9253E8002A25FE /* RTMenuOrderPackage.m */; };
		A7B2A9051D9253F8002A25FE /* RTMenuOrderPackageCell.m in Sources */ = {isa = PBXBuildFile; fileRef = A7B2A9041D9253F8002A25FE /* RTMenuOrderPackageCell.m */; };
		A7B2A9081D926851002A25FE /* RTMenuOrderSingleDishOption.m in Sources */ = {isa = PBXBuildFile; fileRef = A7B2A9071D926851002A25FE /* RTMenuOrderSingleDishOption.m */; };
		A7B2A90B1D92873F002A25FE /* RTMenuOrderSingleDishOptionType.m in Sources */ = {isa = PBXBuildFile; fileRef = A7B2A90A1D92873F002A25FE /* RTMenuOrderSingleDishOptionType.m */; };
		A7B2A90E1D928753002A25FE /* RTMenuOrderDishOptionTypeRadioCell.m in Sources */ = {isa = PBXBuildFile; fileRef = A7B2A90D1D928753002A25FE /* RTMenuOrderDishOptionTypeRadioCell.m */; };
		A7B2A9111D9288D8002A25FE /* RTMenuOrderDishOptionTypeCheckCell.m in Sources */ = {isa = PBXBuildFile; fileRef = A7B2A9101D9288D8002A25FE /* RTMenuOrderDishOptionTypeCheckCell.m */; };
		A7C1DDAF1D77D26A00BB863C /* RTMenuDesktop.storyboard in Resources */ = {isa = PBXBuildFile; fileRef = A7C1DDAE1D77D26A00BB863C /* RTMenuDesktop.storyboard */; };
		A7C1DDB41D77D5A000BB863C /* RTMenuDesktop.m in Sources */ = {isa = PBXBuildFile; fileRef = A7C1DDB31D77D5A000BB863C /* RTMenuDesktop.m */; };
		A7C1DDB81D77DC4A00BB863C /* RTMenuDesktopArea.m in Sources */ = {isa = PBXBuildFile; fileRef = A7C1DDB71D77DC4A00BB863C /* RTMenuDesktopArea.m */; };
		A7C1DDBB1D77DD4D00BB863C /* RTMenuDesktopAreaCell.m in Sources */ = {isa = PBXBuildFile; fileRef = A7C1DDBA1D77DD4D00BB863C /* RTMenuDesktopAreaCell.m */; };
		A7C1DDBE1D77E8CF00BB863C /* RTStringCheck.m in Sources */ = {isa = PBXBuildFile; fileRef = A7C1DDBD1D77E8CF00BB863C /* RTStringCheck.m */; };
		A7C1DDC11D78277800BB863C /* RTMenuDesktopAreaForm.m in Sources */ = {isa = PBXBuildFile; fileRef = A7C1DDC01D78277800BB863C /* RTMenuDesktopAreaForm.m */; };
		A7CDD0791D864C7500B35C3F /* RTMenuDishOptionTypeForm.m in Sources */ = {isa = PBXBuildFile; fileRef = A7CDD0781D864C7500B35C3F /* RTMenuDishOptionTypeForm.m */; };
		A7CDD07C1D864CAE00B35C3F /* RTMenuDishOptionDataForm.m in Sources */ = {isa = PBXBuildFile; fileRef = A7CDD07B1D864CAE00B35C3F /* RTMenuDishOptionDataForm.m */; };
		A7CDD07F1D8675AF00B35C3F /* RTMenuDishTypeForm.m in Sources */ = {isa = PBXBuildFile; fileRef = A7CDD07E1D8675AF00B35C3F /* RTMenuDishTypeForm.m */; };
		A7CDD0821D8675E200B35C3F /* RTMenuDishDataForm.m in Sources */ = {isa = PBXBuildFile; fileRef = A7CDD0811D8675E200B35C3F /* RTMenuDishDataForm.m */; };
		A7CDD0851D86914100B35C3F /* RTMenuDishDataFormCell.m in Sources */ = {isa = PBXBuildFile; fileRef = A7CDD0841D86914100B35C3F /* RTMenuDishDataFormCell.m */; };
		A7DAEB691D879CE100EAF660 /* RTMenuPackage.storyboard in Resources */ = {isa = PBXBuildFile; fileRef = A7DAEB681D879CE100EAF660 /* RTMenuPackage.storyboard */; };
		A7DAEB6C1D879D9C00EAF660 /* RTMenuPackage.m in Sources */ = {isa = PBXBuildFile; fileRef = A7DAEB6B1D879D9C00EAF660 /* RTMenuPackage.m */; };
		A7DAEB6F1D87CD5A00EAF660 /* RTMenuPackageMain.m in Sources */ = {isa = PBXBuildFile; fileRef = A7DAEB6E1D87CD5A00EAF660 /* RTMenuPackageMain.m */; };
		A7DAEB721D87CFBB00EAF660 /* RTMenuPackageMainCell.m in Sources */ = {isa = PBXBuildFile; fileRef = A7DAEB711D87CFBB00EAF660 /* RTMenuPackageMainCell.m */; };
		A7DAEB751D87D61C00EAF660 /* RTMenuPackageMainForm.m in Sources */ = {isa = PBXBuildFile; fileRef = A7DAEB741D87D61C00EAF660 /* RTMenuPackageMainForm.m */; };
		A7DAEB781D87D87600EAF660 /* RTMenuPackageTypeForm.m in Sources */ = {isa = PBXBuildFile; fileRef = A7DAEB771D87D87600EAF660 /* RTMenuPackageTypeForm.m */; };
		A7DAEB7B1D87DBDB00EAF660 /* RTMenuPackageTypeFormCell.m in Sources */ = {isa = PBXBuildFile; fileRef = A7DAEB7A1D87DBDB00EAF660 /* RTMenuPackageTypeFormCell.m */; };
		A7DAEB7E1D87E5FC00EAF660 /* RTMenuPackageChooseDish.m in Sources */ = {isa = PBXBuildFile; fileRef = A7DAEB7D1D87E5FC00EAF660 /* RTMenuPackageChooseDish.m */; };
		A7ED275F1D76C61200EF2E11 /* RTDatabaseCore.m in Sources */ = {isa = PBXBuildFile; fileRef = A7ED275E1D76C61200EF2E11 /* RTDatabaseCore.m */; };
		A7ED27611D76C7C400EF2E11 /* RTLogin.storyboard in Resources */ = {isa = PBXBuildFile; fileRef = A7ED27601D76C7C400EF2E11 /* RTLogin.storyboard */; };
		A7ED27651D76CA1000EF2E11 /* RTLogin.m in Sources */ = {isa = PBXBuildFile; fileRef = A7ED27641D76CA1000EF2E11 /* RTLogin.m */; };
		A7ED27681D76CBEB00EF2E11 /* libsqlite3.tbd in Frameworks */ = {isa = PBXBuildFile; fileRef = A7ED27671D76CBEB00EF2E11 /* libsqlite3.tbd */; };
		EE4B6FC21D8853420053A8F4 /* RTMenuPackageChooseDishCell.m in Sources */ = {isa = PBXBuildFile; fileRef = EE4B6FC11D8853420053A8F4 /* RTMenuPackageChooseDishCell.m */; };
		EE4B6FC51D88545C0053A8F4 /* RTMenuPackageChooseDishType.m in Sources */ = {isa = PBXBuildFile; fileRef = EE4B6FC41D88545C0053A8F4 /* RTMenuPackageChooseDishType.m */; };
		EED6C5771D8990B80086C3BF /* RTViewLayer.m in Sources */ = {isa = PBXBuildFile; fileRef = EED6C5761D8990B80086C3BF /* RTViewLayer.m */; };
/* End PBXBuildFile section */

/* Begin PBXContainerItemProxy section */
		A775696F1D655DCE008D3718 /* PBXContainerItemProxy */ = {
			isa = PBXContainerItemProxy;
			containerPortal = A775694D1D655DCE008D3718 /* Project object */;
			proxyType = 1;
			remoteGlobalIDString = A77569541D655DCE008D3718;
			remoteInfo = MrposGeeks;
		};
		A775697A1D655DCE008D3718 /* PBXContainerItemProxy */ = {
			isa = PBXContainerItemProxy;
			containerPortal = A775694D1D655DCE008D3718 /* Project object */;
			proxyType = 1;
			remoteGlobalIDString = A77569541D655DCE008D3718;
			remoteInfo = MrposGeeks;
		};
/* End PBXContainerItemProxy section */

/* Begin PBXFileReference section */
		075273231D82986C00B13DEC /* RTMenuDishOptionType.h */ = {isa = PBXFileReference; fileEncoding = 4; lastKnownFileType = sourcecode.c.h; path = RTMenuDishOptionType.h; sourceTree = "<group>"; };
		075273241D82986C00B13DEC /* RTMenuDishOptionType.m */ = {isa = PBXFileReference; fileEncoding = 4; lastKnownFileType = sourcecode.c.objc; path = RTMenuDishOptionType.m; sourceTree = "<group>"; };
		075273261D82993300B13DEC /* RTMenuDishOptionTypeCell.h */ = {isa = PBXFileReference; fileEncoding = 4; lastKnownFileType = sourcecode.c.h; path = RTMenuDishOptionTypeCell.h; sourceTree = "<group>"; };
		075273271D82993300B13DEC /* RTMenuDishOptionTypeCell.m */ = {isa = PBXFileReference; fileEncoding = 4; lastKnownFileType = sourcecode.c.objc; path = RTMenuDishOptionTypeCell.m; sourceTree = "<group>"; };
		07FF6DFA1D7E68F100A8856A /* RTMenuDishOption.storyboard */ = {isa = PBXFileReference; fileEncoding = 4; lastKnownFileType = file.storyboard; path = RTMenuDishOption.storyboard; sourceTree = "<group>"; };
		07FF6DFE1D7E714B00A8856A /* RTMenuDishOption.h */ = {isa = PBXFileReference; fileEncoding = 4; lastKnownFileType = sourcecode.c.h; path = RTMenuDishOption.h; sourceTree = "<group>"; };
		07FF6DFF1D7E714B00A8856A /* RTMenuDishOption.m */ = {isa = PBXFileReference; fileEncoding = 4; lastKnownFileType = sourcecode.c.objc; path = RTMenuDishOption.m; sourceTree = "<group>"; };
		A70F0BE61D66AC0A0092124D /* RTMenuIndex.storyboard */ = {isa = PBXFileReference; fileEncoding = 4; lastKnownFileType = file.storyboard; path = RTMenuIndex.storyboard; sourceTree = "<group>"; };
		A70F0BE81D66ACEA0092124D /* RTMenuIndex.h */ = {isa = PBXFileReference; fileEncoding = 4; lastKnownFileType = sourcecode.c.h; path = RTMenuIndex.h; sourceTree = "<group>"; };
		A70F0BE91D66ACEA0092124D /* RTMenuIndex.m */ = {isa = PBXFileReference; fileEncoding = 4; lastKnownFileType = sourcecode.c.objc; path = RTMenuIndex.m; sourceTree = "<group>"; };
		A70F0BEB1D66AEFD0092124D /* RTMenuDish.storyboard */ = {isa = PBXFileReference; fileEncoding = 4; lastKnownFileType = file.storyboard; path = RTMenuDish.storyboard; sourceTree = "<group>"; };
		A70F0BED1D66AF8F0092124D /* RTMenuDish.h */ = {isa = PBXFileReference; fileEncoding = 4; lastKnownFileType = sourcecode.c.h; path = RTMenuDish.h; sourceTree = "<group>"; };
		A70F0BEE1D66AF8F0092124D /* RTMenuDish.m */ = {isa = PBXFileReference; fileEncoding = 4; lastKnownFileType = sourcecode.c.objc; path = RTMenuDish.m; sourceTree = "<group>"; };
		A70F0BF01D66B4060092124D /* RTMenuDishType.h */ = {isa = PBXFileReference; fileEncoding = 4; lastKnownFileType = sourcecode.c.h; path = RTMenuDishType.h; sourceTree = "<group>"; };
		A70F0BF11D66B4060092124D /* RTMenuDishType.m */ = {isa = PBXFileReference; fileEncoding = 4; lastKnownFileType = sourcecode.c.objc; path = RTMenuDishType.m; sourceTree = "<group>"; };
		A70F0BF61D66B4D20092124D /* RTMenuDishTypeCell.h */ = {isa = PBXFileReference; fileEncoding = 4; lastKnownFileType = sourcecode.c.h; path = RTMenuDishTypeCell.h; sourceTree = "<group>"; };
		A70F0BF71D66B4D20092124D /* RTMenuDishTypeCell.m */ = {isa = PBXFileReference; fileEncoding = 4; lastKnownFileType = sourcecode.c.objc; path = RTMenuDishTypeCell.m; sourceTree = "<group>"; };
		A73930191D9A9A7300E685B9 /* RTMenuOrderViewPackageDish.h */ = {isa = PBXFileReference; fileEncoding = 4; lastKnownFileType = sourcecode.c.h; path = RTMenuOrderViewPackageDish.h; sourceTree = "<group>"; };
		A739301A1D9A9A7300E685B9 /* RTMenuOrderViewPackageDish.m */ = {isa = PBXFileReference; fileEncoding = 4; lastKnownFileType = sourcecode.c.objc; path = RTMenuOrderViewPackageDish.m; sourceTree = "<group>"; };
		A739301F1D9A9F1400E685B9 /* RTMenuOrderCheckoutPackageCell.h */ = {isa = PBXFileReference; fileEncoding = 4; lastKnownFileType = sourcecode.c.h; path = RTMenuOrderCheckoutPackageCell.h; sourceTree = "<group>"; };
		A73930201D9A9F1500E685B9 /* RTMenuOrderCheckoutPackageCell.m */ = {isa = PBXFileReference; fileEncoding = 4; lastKnownFileType = sourcecode.c.objc; path = RTMenuOrderCheckoutPackageCell.m; sourceTree = "<group>"; };
		A73930221D9BB7E300E685B9 /* RTMenuOrderViewPackageType.h */ = {isa = PBXFileReference; fileEncoding = 4; lastKnownFileType = sourcecode.c.h; path = RTMenuOrderViewPackageType.h; sourceTree = "<group>"; };
		A73930231D9BB7E300E685B9 /* RTMenuOrderViewPackageType.m */ = {isa = PBXFileReference; fileEncoding = 4; lastKnownFileType = sourcecode.c.objc; path = RTMenuOrderViewPackageType.m; sourceTree = "<group>"; };
		A74DC4C41D79335E004DEA56 /* RTLoginUserCell.h */ = {isa = PBXFileReference; fileEncoding = 4; lastKnownFileType = sourcecode.c.h; path = RTLoginUserCell.h; sourceTree = "<group>"; };
		A74DC4C51D79335E004DEA56 /* RTLoginUserCell.m */ = {isa = PBXFileReference; fileEncoding = 4; lastKnownFileType = sourcecode.c.objc; path = RTLoginUserCell.m; sourceTree = "<group>"; };
		A74DC4C81D7946C1004DEA56 /* AESCrypt.h */ = {isa = PBXFileReference; fileEncoding = 4; lastKnownFileType = sourcecode.c.h; path = AESCrypt.h; sourceTree = "<group>"; };
		A74DC4C91D7946C1004DEA56 /* AESCrypt.m */ = {isa = PBXFileReference; fileEncoding = 4; lastKnownFileType = sourcecode.c.objc; path = AESCrypt.m; sourceTree = "<group>"; };
		A74DC4CA1D7946C1004DEA56 /* NSData+Base64.h */ = {isa = PBXFileReference; fileEncoding = 4; lastKnownFileType = sourcecode.c.h; path = "NSData+Base64.h"; sourceTree = "<group>"; };
		A74DC4CB1D7946C1004DEA56 /* NSData+Base64.m */ = {isa = PBXFileReference; fileEncoding = 4; lastKnownFileType = sourcecode.c.objc; path = "NSData+Base64.m"; sourceTree = "<group>"; };
		A74DC4CC1D7946C1004DEA56 /* NSData+CommonCrypto.h */ = {isa = PBXFileReference; fileEncoding = 4; lastKnownFileType = sourcecode.c.h; path = "NSData+CommonCrypto.h"; sourceTree = "<group>"; };
		A74DC4CD1D7946C1004DEA56 /* NSData+CommonCrypto.m */ = {isa = PBXFileReference; fileEncoding = 4; lastKnownFileType = sourcecode.c.objc; path = "NSData+CommonCrypto.m"; sourceTree = "<group>"; };
		A74DC4CE1D7946C1004DEA56 /* NSString+Base64.h */ = {isa = PBXFileReference; fileEncoding = 4; lastKnownFileType = sourcecode.c.h; path = "NSString+Base64.h"; sourceTree = "<group>"; };
		A74DC4CF1D7946C1004DEA56 /* NSString+Base64.m */ = {isa = PBXFileReference; fileEncoding = 4; lastKnownFileType = sourcecode.c.objc; path = "NSString+Base64.m"; sourceTree = "<group>"; };
		A74DC4D51D794B49004DEA56 /* RTAlertView.h */ = {isa = PBXFileReference; fileEncoding = 4; lastKnownFileType = sourcecode.c.h; path = RTAlertView.h; sourceTree = "<group>"; };
		A74DC4D61D794B49004DEA56 /* RTAlertView.m */ = {isa = PBXFileReference; fileEncoding = 4; lastKnownFileType = sourcecode.c.objc; path = RTAlertView.m; sourceTree = "<group>"; };
		A74DC4DB1D795062004DEA56 /* Base */ = {isa = PBXFileReference; lastKnownFileType = text.plist.strings; name = Base; path = Base.lproj/Localizable.strings; sourceTree = "<group>"; };
		A74DC4DD1D797184004DEA56 /* RTMenuDesktopDataForm.h */ = {isa = PBXFileReference; fileEncoding = 4; lastKnownFileType = sourcecode.c.h; path = RTMenuDesktopDataForm.h; sourceTree = "<group>"; };
		A74DC4DE1D797184004DEA56 /* RTMenuDesktopDataForm.m */ = {isa = PBXFileReference; fileEncoding = 4; lastKnownFileType = sourcecode.c.objc; path = RTMenuDesktopDataForm.m; sourceTree = "<group>"; };
		A76E417C1D90E678005E5031 /* RTMenuOrder.storyboard */ = {isa = PBXFileReference; fileEncoding = 4; lastKnownFileType = file.storyboard; path = RTMenuOrder.storyboard; sourceTree = "<group>"; };
		A76E417F1D90E738005E5031 /* RTMenuOrder.h */ = {isa = PBXFileReference; fileEncoding = 4; lastKnownFileType = sourcecode.c.h; path = RTMenuOrder.h; sourceTree = "<group>"; };
		A76E41801D90E738005E5031 /* RTMenuOrder.m */ = {isa = PBXFileReference; fileEncoding = 4; lastKnownFileType = sourcecode.c.objc; path = RTMenuOrder.m; sourceTree = "<group>"; };
		A76E41821D9103D1005E5031 /* RTMenuOrderArea.h */ = {isa = PBXFileReference; fileEncoding = 4; lastKnownFileType = sourcecode.c.h; path = RTMenuOrderArea.h; sourceTree = "<group>"; };
		A76E41831D9103D1005E5031 /* RTMenuOrderArea.m */ = {isa = PBXFileReference; fileEncoding = 4; lastKnownFileType = sourcecode.c.objc; path = RTMenuOrderArea.m; sourceTree = "<group>"; };
		A76E41851D910495005E5031 /* RTMenuOrderAreaCellOn.h */ = {isa = PBXFileReference; fileEncoding = 4; lastKnownFileType = sourcecode.c.h; path = RTMenuOrderAreaCellOn.h; sourceTree = "<group>"; };
		A76E41861D910495005E5031 /* RTMenuOrderAreaCellOn.m */ = {isa = PBXFileReference; fileEncoding = 4; lastKnownFileType = sourcecode.c.objc; path = RTMenuOrderAreaCellOn.m; sourceTree = "<group>"; };
		A76E41881D910536005E5031 /* RTMenuOrderAreaCellOff.h */ = {isa = PBXFileReference; fileEncoding = 4; lastKnownFileType = sourcecode.c.h; path = RTMenuOrderAreaCellOff.h; sourceTree = "<group>"; };
		A76E41891D910536005E5031 /* RTMenuOrderAreaCellOff.m */ = {isa = PBXFileReference; fileEncoding = 4; lastKnownFileType = sourcecode.c.objc; path = RTMenuOrderAreaCellOff.m; sourceTree = "<group>"; };
		A76E418B1D912802005E5031 /* RTMenuCollection.h */ = {isa = PBXFileReference; fileEncoding = 4; lastKnownFileType = sourcecode.c.h; path = RTMenuCollection.h; sourceTree = "<group>"; };
		A76E418C1D912802005E5031 /* RTMenuCollection.m */ = {isa = PBXFileReference; fileEncoding = 4; lastKnownFileType = sourcecode.c.objc; path = RTMenuCollection.m; sourceTree = "<group>"; };
		A76E418E1D9128DB005E5031 /* RTMenuItemCollectionCell.h */ = {isa = PBXFileReference; fileEncoding = 4; lastKnownFileType = sourcecode.c.h; path = RTMenuItemCollectionCell.h; sourceTree = "<group>"; };
		A76E418F1D9128DB005E5031 /* RTMenuItemCollectionCell.m */ = {isa = PBXFileReference; fileEncoding = 4; lastKnownFileType = sourcecode.c.objc; path = RTMenuItemCollectionCell.m; sourceTree = "<group>"; };
		A76E41921D913EBE005E5031 /* RTMenuOrderOutside.h */ = {isa = PBXFileReference; fileEncoding = 4; lastKnownFileType = sourcecode.c.h; path = RTMenuOrderOutside.h; sourceTree = "<group>"; };
		A76E41931D913EBE005E5031 /* RTMenuOrderOutside.m */ = {isa = PBXFileReference; fileEncoding = 4; lastKnownFileType = sourcecode.c.objc; path = RTMenuOrderOutside.m; sourceTree = "<group>"; };
		A770F2F41D9CC89F0013E6B8 /* RTMenuOrderInside.h */ = {isa = PBXFileReference; fileEncoding = 4; lastKnownFileType = sourcecode.c.h; path = RTMenuOrderInside.h; sourceTree = "<group>"; };
		A770F2F51D9CC89F0013E6B8 /* RTMenuOrderInside.m */ = {isa = PBXFileReference; fileEncoding = 4; lastKnownFileType = sourcecode.c.objc; path = RTMenuOrderInside.m; sourceTree = "<group>"; };
		A770F2F71D9D08EB0013E6B8 /* RTLoginUser.h */ = {isa = PBXFileReference; fileEncoding = 4; lastKnownFileType = sourcecode.c.h; path = RTLoginUser.h; sourceTree = "<group>"; };
		A770F2F81D9D08EB0013E6B8 /* RTLoginUser.m */ = {isa = PBXFileReference; fileEncoding = 4; lastKnownFileType = sourcecode.c.objc; path = RTLoginUser.m; sourceTree = "<group>"; };
		A77569551D655DCE008D3718 /* MrposGeeks.app */ = {isa = PBXFileReference; explicitFileType = wrapper.application; includeInIndex = 0; path = MrposGeeks.app; sourceTree = BUILT_PRODUCTS_DIR; };
		A77569591D655DCE008D3718 /* main.m */ = {isa = PBXFileReference; lastKnownFileType = sourcecode.c.objc; path = main.m; sourceTree = "<group>"; };
		A775695B1D655DCE008D3718 /* AppDelegate.h */ = {isa = PBXFileReference; lastKnownFileType = sourcecode.c.h; path = AppDelegate.h; sourceTree = "<group>"; };
		A775695C1D655DCE008D3718 /* AppDelegate.m */ = {isa = PBXFileReference; lastKnownFileType = sourcecode.c.objc; path = AppDelegate.m; sourceTree = "<group>"; };
		A775695E1D655DCE008D3718 /* ViewController.h */ = {isa = PBXFileReference; lastKnownFileType = sourcecode.c.h; path = ViewController.h; sourceTree = "<group>"; };
		A775695F1D655DCE008D3718 /* ViewController.m */ = {isa = PBXFileReference; lastKnownFileType = sourcecode.c.objc; path = ViewController.m; sourceTree = "<group>"; };
		A77569621D655DCE008D3718 /* Base */ = {isa = PBXFileReference; lastKnownFileType = file.storyboard; name = Base; path = Base.lproj/Main.storyboard; sourceTree = "<group>"; };
		A77569641D655DCE008D3718 /* Assets.xcassets */ = {isa = PBXFileReference; lastKnownFileType = folder.assetcatalog; path = Assets.xcassets; sourceTree = "<group>"; };
		A77569671D655DCE008D3718 /* Base */ = {isa = PBXFileReference; lastKnownFileType = file.storyboard; name = Base; path = Base.lproj/LaunchScreen.storyboard; sourceTree = "<group>"; };
		A77569691D655DCE008D3718 /* Info.plist */ = {isa = PBXFileReference; lastKnownFileType = text.plist.xml; path = Info.plist; sourceTree = "<group>"; };
		A775696E1D655DCE008D3718 /* MrposGeeksTests.xctest */ = {isa = PBXFileReference; explicitFileType = wrapper.cfbundle; includeInIndex = 0; path = MrposGeeksTests.xctest; sourceTree = BUILT_PRODUCTS_DIR; };
		A77569721D655DCE008D3718 /* MrposGeeksTests.m */ = {isa = PBXFileReference; lastKnownFileType = sourcecode.c.objc; path = MrposGeeksTests.m; sourceTree = "<group>"; };
		A77569741D655DCE008D3718 /* Info.plist */ = {isa = PBXFileReference; lastKnownFileType = text.plist.xml; path = Info.plist; sourceTree = "<group>"; };
		A77569791D655DCE008D3718 /* MrposGeeksUITests.xctest */ = {isa = PBXFileReference; explicitFileType = wrapper.cfbundle; includeInIndex = 0; path = MrposGeeksUITests.xctest; sourceTree = BUILT_PRODUCTS_DIR; };
		A775697D1D655DCE008D3718 /* MrposGeeksUITests.m */ = {isa = PBXFileReference; lastKnownFileType = sourcecode.c.objc; path = MrposGeeksUITests.m; sourceTree = "<group>"; };
		A775697F1D655DCE008D3718 /* Info.plist */ = {isa = PBXFileReference; lastKnownFileType = text.plist.xml; path = Info.plist; sourceTree = "<group>"; };
		A77569901D656348008D3718 /* RTRootMenu.storyboard */ = {isa = PBXFileReference; fileEncoding = 4; lastKnownFileType = file.storyboard; path = RTRootMenu.storyboard; sourceTree = "<group>"; };
		A77569921D656386008D3718 /* RTRoot.h */ = {isa = PBXFileReference; fileEncoding = 4; lastKnownFileType = sourcecode.c.h; path = RTRoot.h; sourceTree = "<group>"; };
		A77569931D656386008D3718 /* RTRoot.m */ = {isa = PBXFileReference; fileEncoding = 4; lastKnownFileType = sourcecode.c.objc; path = RTRoot.m; sourceTree = "<group>"; };
		A77569951D656412008D3718 /* RTNavigationController.h */ = {isa = PBXFileReference; fileEncoding = 4; lastKnownFileType = sourcecode.c.h; path = RTNavigationController.h; sourceTree = "<group>"; };
		A77569961D656412008D3718 /* RTNavigationController.m */ = {isa = PBXFileReference; fileEncoding = 4; lastKnownFileType = sourcecode.c.objc; path = RTNavigationController.m; sourceTree = "<group>"; };
		A775699B1D656598008D3718 /* RTMenu.h */ = {isa = PBXFileReference; fileEncoding = 4; lastKnownFileType = sourcecode.c.h; path = RTMenu.h; sourceTree = "<group>"; };
		A775699C1D656598008D3718 /* RTMenu.m */ = {isa = PBXFileReference; fileEncoding = 4; lastKnownFileType = sourcecode.c.objc; path = RTMenu.m; sourceTree = "<group>"; };
		A775699E1D656633008D3718 /* RTMenuItemCell.h */ = {isa = PBXFileReference; fileEncoding = 4; lastKnownFileType = sourcecode.c.h; path = RTMenuItemCell.h; sourceTree = "<group>"; };
		A775699F1D656633008D3718 /* RTMenuItemCell.m */ = {isa = PBXFileReference; fileEncoding = 4; lastKnownFileType = sourcecode.c.objc; path = RTMenuItemCell.m; sourceTree = "<group>"; };
		A77569A41D656768008D3718 /* Menu.plist */ = {isa = PBXFileReference; fileEncoding = 4; lastKnownFileType = text.plist.xml; path = Menu.plist; sourceTree = "<group>"; };
		A77569A61D657115008D3718 /* RTMenuSystem.storyboard */ = {isa = PBXFileReference; fileEncoding = 4; lastKnownFileType = file.storyboard; path = RTMenuSystem.storyboard; sourceTree = "<group>"; };
		A77569A81D6585C3008D3718 /* RTMenuSystem.h */ = {isa = PBXFileReference; fileEncoding = 4; lastKnownFileType = sourcecode.c.h; path = RTMenuSystem.h; sourceTree = "<group>"; };
		A77569A91D6585C3008D3718 /* RTMenuSystem.m */ = {isa = PBXFileReference; fileEncoding = 4; lastKnownFileType = sourcecode.c.objc; path = RTMenuSystem.m; sourceTree = "<group>"; };
		A777988F1D94C33E00CC8BAF /* RTMenuOrderViewItem.h */ = {isa = PBXFileReference; fileEncoding = 4; lastKnownFileType = sourcecode.c.h; path = RTMenuOrderViewItem.h; sourceTree = "<group>"; };
		A77798901D94C33E00CC8BAF /* RTMenuOrderViewItem.m */ = {isa = PBXFileReference; fileEncoding = 4; lastKnownFileType = sourcecode.c.objc; path = RTMenuOrderViewItem.m; sourceTree = "<group>"; };
		A77798971D94C54500CC8BAF /* RTMenuOrderCheckoutSingleCell.h */ = {isa = PBXFileReference; fileEncoding = 4; lastKnownFileType = sourcecode.c.h; path = RTMenuOrderCheckoutSingleCell.h; sourceTree = "<group>"; };
		A77798981D94C54500CC8BAF /* RTMenuOrderCheckoutSingleCell.m */ = {isa = PBXFileReference; fileEncoding = 4; lastKnownFileType = sourcecode.c.objc; path = RTMenuOrderCheckoutSingleCell.m; sourceTree = "<group>"; };
		A782AD501D98B12800C0012B /* RTMenuOrderPackageDish.h */ = {isa = PBXFileReference; fileEncoding = 4; lastKnownFileType = sourcecode.c.h; path = RTMenuOrderPackageDish.h; sourceTree = "<group>"; };
		A782AD511D98B12800C0012B /* RTMenuOrderPackageDish.m */ = {isa = PBXFileReference; fileEncoding = 4; lastKnownFileType = sourcecode.c.objc; path = RTMenuOrderPackageDish.m; sourceTree = "<group>"; };
		A782AD531D98B18B00C0012B /* RTMenuOrderPackageChoose.h */ = {isa = PBXFileReference; fileEncoding = 4; lastKnownFileType = sourcecode.c.h; path = RTMenuOrderPackageChoose.h; sourceTree = "<group>"; };
		A782AD541D98B18B00C0012B /* RTMenuOrderPackageChoose.m */ = {isa = PBXFileReference; fileEncoding = 4; lastKnownFileType = sourcecode.c.objc; path = RTMenuOrderPackageChoose.m; sourceTree = "<group>"; };
		A782AD561D98BB7500C0012B /* RTNavigationChoosePackage.h */ = {isa = PBXFileReference; fileEncoding = 4; lastKnownFileType = sourcecode.c.h; path = RTNavigationChoosePackage.h; sourceTree = "<group>"; };
		A782AD571D98BB7500C0012B /* RTNavigationChoosePackage.m */ = {isa = PBXFileReference; fileEncoding = 4; lastKnownFileType = sourcecode.c.objc; path = RTNavigationChoosePackage.m; sourceTree = "<group>"; };
		A782AD591D98CF2700C0012B /* RTMenuOrderPackageCellTitle.h */ = {isa = PBXFileReference; fileEncoding = 4; lastKnownFileType = sourcecode.c.h; path = RTMenuOrderPackageCellTitle.h; sourceTree = "<group>"; };
		A782AD5A1D98CF2700C0012B /* RTMenuOrderPackageCellTitle.m */ = {isa = PBXFileReference; fileEncoding = 4; lastKnownFileType = sourcecode.c.objc; path = RTMenuOrderPackageCellTitle.m; sourceTree = "<group>"; };
		A782AD5C1D98CF3D00C0012B /* RTMenuOrderPackageCellChoose.h */ = {isa = PBXFileReference; fileEncoding = 4; lastKnownFileType = sourcecode.c.h; path = RTMenuOrderPackageCellChoose.h; sourceTree = "<group>"; };
		A782AD5D1D98CF3D00C0012B /* RTMenuOrderPackageCellChoose.m */ = {isa = PBXFileReference; fileEncoding = 4; lastKnownFileType = sourcecode.c.objc; path = RTMenuOrderPackageCellChoose.m; sourceTree = "<group>"; };
		A782AD641D991F4000C0012B /* RTMenuOrderPackageDishOption.h */ = {isa = PBXFileReference; fileEncoding = 4; lastKnownFileType = sourcecode.c.h; path = RTMenuOrderPackageDishOption.h; sourceTree = "<group>"; };
		A782AD651D991F4000C0012B /* RTMenuOrderPackageDishOption.m */ = {isa = PBXFileReference; fileEncoding = 4; lastKnownFileType = sourcecode.c.objc; path = RTMenuOrderPackageDishOption.m; sourceTree = "<group>"; };
		A782AD671D991F5F00C0012B /* RTMenuOrderPackageDishOptionType.h */ = {isa = PBXFileReference; fileEncoding = 4; lastKnownFileType = sourcecode.c.h; path = RTMenuOrderPackageDishOptionType.h; sourceTree = "<group>"; };
		A782AD681D991F5F00C0012B /* RTMenuOrderPackageDishOptionType.m */ = {isa = PBXFileReference; fileEncoding = 4; lastKnownFileType = sourcecode.c.objc; path = RTMenuOrderPackageDishOptionType.m; sourceTree = "<group>"; };
		A7B2A8FA1D9238D4002A25FE /* RTMenuOrderSingleDish.h */ = {isa = PBXFileReference; fileEncoding = 4; lastKnownFileType = sourcecode.c.h; path = RTMenuOrderSingleDish.h; sourceTree = "<group>"; };
		A7B2A8FB1D9238D4002A25FE /* RTMenuOrderSingleDish.m */ = {isa = PBXFileReference; fileEncoding = 4; lastKnownFileType = sourcecode.c.objc; path = RTMenuOrderSingleDish.m; sourceTree = "<group>"; };
		A7B2A8FD1D9238F7002A25FE /* RTMenuOrderDishTypeCell.h */ = {isa = PBXFileReference; fileEncoding = 4; lastKnownFileType = sourcecode.c.h; path = RTMenuOrderDishTypeCell.h; sourceTree = "<group>"; };
		A7B2A8FE1D9238F7002A25FE /* RTMenuOrderDishTypeCell.m */ = {isa = PBXFileReference; fileEncoding = 4; lastKnownFileType = sourcecode.c.objc; path = RTMenuOrderDishTypeCell.m; sourceTree = "<group>"; };
		A7B2A9001D9253E8002A25FE /* RTMenuOrderPackage.h */ = {isa = PBXFileReference; fileEncoding = 4; lastKnownFileType = sourcecode.c.h; path = RTMenuOrderPackage.h; sourceTree = "<group>"; };
		A7B2A9011D9253E8002A25FE /* RTMenuOrderPackage.m */ = {isa = PBXFileReference; fileEncoding = 4; lastKnownFileType = sourcecode.c.objc; path = RTMenuOrderPackage.m; sourceTree = "<group>"; };
		A7B2A9031D9253F8002A25FE /* RTMenuOrderPackageCell.h */ = {isa = PBXFileReference; fileEncoding = 4; lastKnownFileType = sourcecode.c.h; path = RTMenuOrderPackageCell.h; sourceTree = "<group>"; };
		A7B2A9041D9253F8002A25FE /* RTMenuOrderPackageCell.m */ = {isa = PBXFileReference; fileEncoding = 4; lastKnownFileType = sourcecode.c.objc; path = RTMenuOrderPackageCell.m; sourceTree = "<group>"; };
		A7B2A9061D926851002A25FE /* RTMenuOrderSingleDishOption.h */ = {isa = PBXFileReference; fileEncoding = 4; lastKnownFileType = sourcecode.c.h; path = RTMenuOrderSingleDishOption.h; sourceTree = "<group>"; };
		A7B2A9071D926851002A25FE /* RTMenuOrderSingleDishOption.m */ = {isa = PBXFileReference; fileEncoding = 4; lastKnownFileType = sourcecode.c.objc; path = RTMenuOrderSingleDishOption.m; sourceTree = "<group>"; };
		A7B2A9091D92873F002A25FE /* RTMenuOrderSingleDishOptionType.h */ = {isa = PBXFileReference; fileEncoding = 4; lastKnownFileType = sourcecode.c.h; path = RTMenuOrderSingleDishOptionType.h; sourceTree = "<group>"; };
		A7B2A90A1D92873F002A25FE /* RTMenuOrderSingleDishOptionType.m */ = {isa = PBXFileReference; fileEncoding = 4; lastKnownFileType = sourcecode.c.objc; path = RTMenuOrderSingleDishOptionType.m; sourceTree = "<group>"; };
		A7B2A90C1D928753002A25FE /* RTMenuOrderDishOptionTypeRadioCell.h */ = {isa = PBXFileReference; fileEncoding = 4; lastKnownFileType = sourcecode.c.h; path = RTMenuOrderDishOptionTypeRadioCell.h; sourceTree = "<group>"; };
		A7B2A90D1D928753002A25FE /* RTMenuOrderDishOptionTypeRadioCell.m */ = {isa = PBXFileReference; fileEncoding = 4; lastKnownFileType = sourcecode.c.objc; path = RTMenuOrderDishOptionTypeRadioCell.m; sourceTree = "<group>"; };
		A7B2A90F1D9288D8002A25FE /* RTMenuOrderDishOptionTypeCheckCell.h */ = {isa = PBXFileReference; fileEncoding = 4; lastKnownFileType = sourcecode.c.h; path = RTMenuOrderDishOptionTypeCheckCell.h; sourceTree = "<group>"; };
		A7B2A9101D9288D8002A25FE /* RTMenuOrderDishOptionTypeCheckCell.m */ = {isa = PBXFileReference; fileEncoding = 4; lastKnownFileType = sourcecode.c.objc; path = RTMenuOrderDishOptionTypeCheckCell.m; sourceTree = "<group>"; };
		A7C1DDAE1D77D26A00BB863C /* RTMenuDesktop.storyboard */ = {isa = PBXFileReference; fileEncoding = 4; lastKnownFileType = file.storyboard; path = RTMenuDesktop.storyboard; sourceTree = "<group>"; };
		A7C1DDB21D77D5A000BB863C /* RTMenuDesktop.h */ = {isa = PBXFileReference; fileEncoding = 4; lastKnownFileType = sourcecode.c.h; path = RTMenuDesktop.h; sourceTree = "<group>"; };
		A7C1DDB31D77D5A000BB863C /* RTMenuDesktop.m */ = {isa = PBXFileReference; fileEncoding = 4; lastKnownFileType = sourcecode.c.objc; path = RTMenuDesktop.m; sourceTree = "<group>"; };
		A7C1DDB61D77DC4A00BB863C /* RTMenuDesktopArea.h */ = {isa = PBXFileReference; fileEncoding = 4; lastKnownFileType = sourcecode.c.h; path = RTMenuDesktopArea.h; sourceTree = "<group>"; };
		A7C1DDB71D77DC4A00BB863C /* RTMenuDesktopArea.m */ = {isa = PBXFileReference; fileEncoding = 4; lastKnownFileType = sourcecode.c.objc; path = RTMenuDesktopArea.m; sourceTree = "<group>"; };
		A7C1DDB91D77DD4D00BB863C /* RTMenuDesktopAreaCell.h */ = {isa = PBXFileReference; fileEncoding = 4; lastKnownFileType = sourcecode.c.h; path = RTMenuDesktopAreaCell.h; sourceTree = "<group>"; };
		A7C1DDBA1D77DD4D00BB863C /* RTMenuDesktopAreaCell.m */ = {isa = PBXFileReference; fileEncoding = 4; lastKnownFileType = sourcecode.c.objc; path = RTMenuDesktopAreaCell.m; sourceTree = "<group>"; };
		A7C1DDBC1D77E8CF00BB863C /* RTStringCheck.h */ = {isa = PBXFileReference; fileEncoding = 4; lastKnownFileType = sourcecode.c.h; path = RTStringCheck.h; sourceTree = "<group>"; };
		A7C1DDBD1D77E8CF00BB863C /* RTStringCheck.m */ = {isa = PBXFileReference; fileEncoding = 4; lastKnownFileType = sourcecode.c.objc; path = RTStringCheck.m; sourceTree = "<group>"; };
		A7C1DDBF1D78277800BB863C /* RTMenuDesktopAreaForm.h */ = {isa = PBXFileReference; fileEncoding = 4; lastKnownFileType = sourcecode.c.h; path = RTMenuDesktopAreaForm.h; sourceTree = "<group>"; };
		A7C1DDC01D78277800BB863C /* RTMenuDesktopAreaForm.m */ = {isa = PBXFileReference; fileEncoding = 4; lastKnownFileType = sourcecode.c.objc; path = RTMenuDesktopAreaForm.m; sourceTree = "<group>"; };
		A7CDD0771D864C7500B35C3F /* RTMenuDishOptionTypeForm.h */ = {isa = PBXFileReference; fileEncoding = 4; lastKnownFileType = sourcecode.c.h; path = RTMenuDishOptionTypeForm.h; sourceTree = "<group>"; };
		A7CDD0781D864C7500B35C3F /* RTMenuDishOptionTypeForm.m */ = {isa = PBXFileReference; fileEncoding = 4; lastKnownFileType = sourcecode.c.objc; path = RTMenuDishOptionTypeForm.m; sourceTree = "<group>"; };
		A7CDD07A1D864CAE00B35C3F /* RTMenuDishOptionDataForm.h */ = {isa = PBXFileReference; fileEncoding = 4; lastKnownFileType = sourcecode.c.h; path = RTMenuDishOptionDataForm.h; sourceTree = "<group>"; };
		A7CDD07B1D864CAE00B35C3F /* RTMenuDishOptionDataForm.m */ = {isa = PBXFileReference; fileEncoding = 4; lastKnownFileType = sourcecode.c.objc; path = RTMenuDishOptionDataForm.m; sourceTree = "<group>"; };
		A7CDD07D1D8675AF00B35C3F /* RTMenuDishTypeForm.h */ = {isa = PBXFileReference; fileEncoding = 4; lastKnownFileType = sourcecode.c.h; path = RTMenuDishTypeForm.h; sourceTree = "<group>"; };
		A7CDD07E1D8675AF00B35C3F /* RTMenuDishTypeForm.m */ = {isa = PBXFileReference; fileEncoding = 4; lastKnownFileType = sourcecode.c.objc; path = RTMenuDishTypeForm.m; sourceTree = "<group>"; };
		A7CDD0801D8675E200B35C3F /* RTMenuDishDataForm.h */ = {isa = PBXFileReference; fileEncoding = 4; lastKnownFileType = sourcecode.c.h; path = RTMenuDishDataForm.h; sourceTree = "<group>"; };
		A7CDD0811D8675E200B35C3F /* RTMenuDishDataForm.m */ = {isa = PBXFileReference; fileEncoding = 4; lastKnownFileType = sourcecode.c.objc; path = RTMenuDishDataForm.m; sourceTree = "<group>"; };
		A7CDD0831D86914100B35C3F /* RTMenuDishDataFormCell.h */ = {isa = PBXFileReference; fileEncoding = 4; lastKnownFileType = sourcecode.c.h; path = RTMenuDishDataFormCell.h; sourceTree = "<group>"; };
		A7CDD0841D86914100B35C3F /* RTMenuDishDataFormCell.m */ = {isa = PBXFileReference; fileEncoding = 4; lastKnownFileType = sourcecode.c.objc; path = RTMenuDishDataFormCell.m; sourceTree = "<group>"; };
		A7DAEB681D879CE100EAF660 /* RTMenuPackage.storyboard */ = {isa = PBXFileReference; fileEncoding = 4; lastKnownFileType = file.storyboard; path = RTMenuPackage.storyboard; sourceTree = "<group>"; };
		A7DAEB6A1D879D9C00EAF660 /* RTMenuPackage.h */ = {isa = PBXFileReference; fileEncoding = 4; lastKnownFileType = sourcecode.c.h; path = RTMenuPackage.h; sourceTree = "<group>"; };
		A7DAEB6B1D879D9C00EAF660 /* RTMenuPackage.m */ = {isa = PBXFileReference; fileEncoding = 4; lastKnownFileType = sourcecode.c.objc; path = RTMenuPackage.m; sourceTree = "<group>"; };
		A7DAEB6D1D87CD5A00EAF660 /* RTMenuPackageMain.h */ = {isa = PBXFileReference; fileEncoding = 4; lastKnownFileType = sourcecode.c.h; path = RTMenuPackageMain.h; sourceTree = "<group>"; };
		A7DAEB6E1D87CD5A00EAF660 /* RTMenuPackageMain.m */ = {isa = PBXFileReference; fileEncoding = 4; lastKnownFileType = sourcecode.c.objc; path = RTMenuPackageMain.m; sourceTree = "<group>"; };
		A7DAEB701D87CFBB00EAF660 /* RTMenuPackageMainCell.h */ = {isa = PBXFileReference; fileEncoding = 4; lastKnownFileType = sourcecode.c.h; path = RTMenuPackageMainCell.h; sourceTree = "<group>"; };
		A7DAEB711D87CFBB00EAF660 /* RTMenuPackageMainCell.m */ = {isa = PBXFileReference; fileEncoding = 4; lastKnownFileType = sourcecode.c.objc; path = RTMenuPackageMainCell.m; sourceTree = "<group>"; };
		A7DAEB731D87D61C00EAF660 /* RTMenuPackageMainForm.h */ = {isa = PBXFileReference; fileEncoding = 4; lastKnownFileType = sourcecode.c.h; path = RTMenuPackageMainForm.h; sourceTree = "<group>"; };
		A7DAEB741D87D61C00EAF660 /* RTMenuPackageMainForm.m */ = {isa = PBXFileReference; fileEncoding = 4; lastKnownFileType = sourcecode.c.objc; path = RTMenuPackageMainForm.m; sourceTree = "<group>"; };
		A7DAEB761D87D87600EAF660 /* RTMenuPackageTypeForm.h */ = {isa = PBXFileReference; fileEncoding = 4; lastKnownFileType = sourcecode.c.h; path = RTMenuPackageTypeForm.h; sourceTree = "<group>"; };
		A7DAEB771D87D87600EAF660 /* RTMenuPackageTypeForm.m */ = {isa = PBXFileReference; fileEncoding = 4; lastKnownFileType = sourcecode.c.objc; path = RTMenuPackageTypeForm.m; sourceTree = "<group>"; };
		A7DAEB791D87DBDB00EAF660 /* RTMenuPackageTypeFormCell.h */ = {isa = PBXFileReference; fileEncoding = 4; lastKnownFileType = sourcecode.c.h; path = RTMenuPackageTypeFormCell.h; sourceTree = "<group>"; };
		A7DAEB7A1D87DBDB00EAF660 /* RTMenuPackageTypeFormCell.m */ = {isa = PBXFileReference; fileEncoding = 4; lastKnownFileType = sourcecode.c.objc; path = RTMenuPackageTypeFormCell.m; sourceTree = "<group>"; };
		A7DAEB7C1D87E5FC00EAF660 /* RTMenuPackageChooseDish.h */ = {isa = PBXFileReference; fileEncoding = 4; lastKnownFileType = sourcecode.c.h; path = RTMenuPackageChooseDish.h; sourceTree = "<group>"; };
		A7DAEB7D1D87E5FC00EAF660 /* RTMenuPackageChooseDish.m */ = {isa = PBXFileReference; fileEncoding = 4; lastKnownFileType = sourcecode.c.objc; path = RTMenuPackageChooseDish.m; sourceTree = "<group>"; };
		A7ED275D1D76C61200EF2E11 /* RTDatabaseCore.h */ = {isa = PBXFileReference; fileEncoding = 4; lastKnownFileType = sourcecode.c.h; path = RTDatabaseCore.h; sourceTree = "<group>"; };
		A7ED275E1D76C61200EF2E11 /* RTDatabaseCore.m */ = {isa = PBXFileReference; fileEncoding = 4; lastKnownFileType = sourcecode.c.objc; path = RTDatabaseCore.m; sourceTree = "<group>"; };
		A7ED27601D76C7C400EF2E11 /* RTLogin.storyboard */ = {isa = PBXFileReference; fileEncoding = 4; lastKnownFileType = file.storyboard; path = RTLogin.storyboard; sourceTree = "<group>"; };
		A7ED27631D76CA1000EF2E11 /* RTLogin.h */ = {isa = PBXFileReference; fileEncoding = 4; lastKnownFileType = sourcecode.c.h; path = RTLogin.h; sourceTree = "<group>"; };
		A7ED27641D76CA1000EF2E11 /* RTLogin.m */ = {isa = PBXFileReference; fileEncoding = 4; lastKnownFileType = sourcecode.c.objc; path = RTLogin.m; sourceTree = "<group>"; };
		A7ED27671D76CBEB00EF2E11 /* libsqlite3.tbd */ = {isa = PBXFileReference; lastKnownFileType = "sourcecode.text-based-dylib-definition"; name = libsqlite3.tbd; path = usr/lib/libsqlite3.tbd; sourceTree = SDKROOT; };
		B4FC5E3AB9A88D89DDF23E56 /* Pods.release.xcconfig */ = {isa = PBXFileReference; includeInIndex = 1; lastKnownFileType = text.xcconfig; name = Pods.release.xcconfig; path = "Pods/Target Support Files/Pods/Pods.release.xcconfig"; sourceTree = "<group>"; };
		E96A0F8445D559207D2CF0E1 /* Pods.debug.xcconfig */ = {isa = PBXFileReference; includeInIndex = 1; lastKnownFileType = text.xcconfig; name = Pods.debug.xcconfig; path = "Pods/Target Support Files/Pods/Pods.debug.xcconfig"; sourceTree = "<group>"; };
		EE4B6FC01D8853420053A8F4 /* RTMenuPackageChooseDishCell.h */ = {isa = PBXFileReference; fileEncoding = 4; lastKnownFileType = sourcecode.c.h; path = RTMenuPackageChooseDishCell.h; sourceTree = "<group>"; };
		EE4B6FC11D8853420053A8F4 /* RTMenuPackageChooseDishCell.m */ = {isa = PBXFileReference; fileEncoding = 4; lastKnownFileType = sourcecode.c.objc; path = RTMenuPackageChooseDishCell.m; sourceTree = "<group>"; };
		EE4B6FC31D88545C0053A8F4 /* RTMenuPackageChooseDishType.h */ = {isa = PBXFileReference; fileEncoding = 4; lastKnownFileType = sourcecode.c.h; path = RTMenuPackageChooseDishType.h; sourceTree = "<group>"; };
		EE4B6FC41D88545C0053A8F4 /* RTMenuPackageChooseDishType.m */ = {isa = PBXFileReference; fileEncoding = 4; lastKnownFileType = sourcecode.c.objc; path = RTMenuPackageChooseDishType.m; sourceTree = "<group>"; };
		EED6C5751D8990B80086C3BF /* RTViewLayer.h */ = {isa = PBXFileReference; fileEncoding = 4; lastKnownFileType = sourcecode.c.h; path = RTViewLayer.h; sourceTree = "<group>"; };
		EED6C5761D8990B80086C3BF /* RTViewLayer.m */ = {isa = PBXFileReference; fileEncoding = 4; lastKnownFileType = sourcecode.c.objc; path = RTViewLayer.m; sourceTree = "<group>"; };
		FD36E7F226A3B408FF06C25D /* libPods.a */ = {isa = PBXFileReference; explicitFileType = archive.ar; includeInIndex = 0; path = libPods.a; sourceTree = BUILT_PRODUCTS_DIR; };
/* End PBXFileReference section */

/* Begin PBXFrameworksBuildPhase section */
		A77569521D655DCE008D3718 /* Frameworks */ = {
			isa = PBXFrameworksBuildPhase;
			buildActionMask = 2147483647;
			files = (
				A7ED27681D76CBEB00EF2E11 /* libsqlite3.tbd in Frameworks */,
				A5AECD49C9D9FE5A3EE637A9 /* libPods.a in Frameworks */,
			);
			runOnlyForDeploymentPostprocessing = 0;
		};
		A775696B1D655DCE008D3718 /* Frameworks */ = {
			isa = PBXFrameworksBuildPhase;
			buildActionMask = 2147483647;
			files = (
			);
			runOnlyForDeploymentPostprocessing = 0;
		};
		A77569761D655DCE008D3718 /* Frameworks */ = {
			isa = PBXFrameworksBuildPhase;
			buildActionMask = 2147483647;
			files = (
			);
			runOnlyForDeploymentPostprocessing = 0;
		};
/* End PBXFrameworksBuildPhase section */

/* Begin PBXGroup section */
		07FF6DFC1D7E70E700A8856A /* RTMenuDishOption */ = {
			isa = PBXGroup;
			children = (
				07FF6DFE1D7E714B00A8856A /* RTMenuDishOption.h */,
				07FF6DFF1D7E714B00A8856A /* RTMenuDishOption.m */,
				075273231D82986C00B13DEC /* RTMenuDishOptionType.h */,
				075273241D82986C00B13DEC /* RTMenuDishOptionType.m */,
				A7CDD0771D864C7500B35C3F /* RTMenuDishOptionTypeForm.h */,
				A7CDD0781D864C7500B35C3F /* RTMenuDishOptionTypeForm.m */,
				A7CDD07A1D864CAE00B35C3F /* RTMenuDishOptionDataForm.h */,
				A7CDD07B1D864CAE00B35C3F /* RTMenuDishOptionDataForm.m */,
				075273261D82993300B13DEC /* RTMenuDishOptionTypeCell.h */,
				075273271D82993300B13DEC /* RTMenuDishOptionTypeCell.m */,
			);
			name = RTMenuDishOption;
			sourceTree = "<group>";
		};
		32C1451AE2A5236867B30074 /* Pods */ = {
			isa = PBXGroup;
			children = (
				E96A0F8445D559207D2CF0E1 /* Pods.debug.xcconfig */,
				B4FC5E3AB9A88D89DDF23E56 /* Pods.release.xcconfig */,
			);
			name = Pods;
			sourceTree = "<group>";
		};
		A70F0BFA1D66EFA60092124D /* RTMenuDish */ = {
			isa = PBXGroup;
			children = (
				A70F0BED1D66AF8F0092124D /* RTMenuDish.h */,
				A70F0BEE1D66AF8F0092124D /* RTMenuDish.m */,
				A70F0BF01D66B4060092124D /* RTMenuDishType.h */,
				A70F0BF11D66B4060092124D /* RTMenuDishType.m */,
				A7CDD07D1D8675AF00B35C3F /* RTMenuDishTypeForm.h */,
				A7CDD07E1D8675AF00B35C3F /* RTMenuDishTypeForm.m */,
				A7CDD0801D8675E200B35C3F /* RTMenuDishDataForm.h */,
				A7CDD0811D8675E200B35C3F /* RTMenuDishDataForm.m */,
				A70F0BF61D66B4D20092124D /* RTMenuDishTypeCell.h */,
				A70F0BF71D66B4D20092124D /* RTMenuDishTypeCell.m */,
				A7CDD0831D86914100B35C3F /* RTMenuDishDataFormCell.h */,
				A7CDD0841D86914100B35C3F /* RTMenuDishDataFormCell.m */,
			);
			name = RTMenuDish;
			sourceTree = "<group>";
		};
		A71E13961D99819900481215 /* orderPublicCell */ = {
			isa = PBXGroup;
			children = (
				A7B2A8FD1D9238F7002A25FE /* RTMenuOrderDishTypeCell.h */,
				A7B2A8FE1D9238F7002A25FE /* RTMenuOrderDishTypeCell.m */,
				A7B2A90C1D928753002A25FE /* RTMenuOrderDishOptionTypeRadioCell.h */,
				A7B2A90D1D928753002A25FE /* RTMenuOrderDishOptionTypeRadioCell.m */,
				A7B2A90F1D9288D8002A25FE /* RTMenuOrderDishOptionTypeCheckCell.h */,
				A7B2A9101D9288D8002A25FE /* RTMenuOrderDishOptionTypeCheckCell.m */,
			);
			name = orderPublicCell;
			sourceTree = "<group>";
		};
		A74DC4C71D794699004DEA56 /* Crypt */ = {
			isa = PBXGroup;
			children = (
				A74DC4C81D7946C1004DEA56 /* AESCrypt.h */,
				A74DC4C91D7946C1004DEA56 /* AESCrypt.m */,
				A74DC4CA1D7946C1004DEA56 /* NSData+Base64.h */,
				A74DC4CB1D7946C1004DEA56 /* NSData+Base64.m */,
				A74DC4CC1D7946C1004DEA56 /* NSData+CommonCrypto.h */,
				A74DC4CD1D7946C1004DEA56 /* NSData+CommonCrypto.m */,
				A74DC4CE1D7946C1004DEA56 /* NSString+Base64.h */,
				A74DC4CF1D7946C1004DEA56 /* NSString+Base64.m */,
			);
			name = Crypt;
			sourceTree = "<group>";
		};
		A76E417E1D90E705005E5031 /* RTMenuOrder */ = {
			isa = PBXGroup;
			children = (
				A76E417F1D90E738005E5031 /* RTMenuOrder.h */,
				A76E41801D90E738005E5031 /* RTMenuOrder.m */,
				A77798931D94C48600CC8BAF /* insideDesktop */,
				A770F2F31D9CC8750013E6B8 /* inSide */,
				A77798941D94C4B200CC8BAF /* outSide */,
				A77798921D94C44000CC8BAF /* singleDish */,
				A77798951D94C4D100CC8BAF /* singlePackage */,
				A71E13961D99819900481215 /* orderPublicCell */,
				A77798961D94C4EB00CC8BAF /* orderView */,
			);
			name = RTMenuOrder;
			sourceTree = "<group>";
		};
		A770F2F31D9CC8750013E6B8 /* inSide */ = {
			isa = PBXGroup;
			children = (
				A770F2F41D9CC89F0013E6B8 /* RTMenuOrderInside.h */,
				A770F2F51D9CC89F0013E6B8 /* RTMenuOrderInside.m */,
			);
			name = inSide;
			sourceTree = "<group>";
		};
		A775694C1D655DCE008D3718 = {
			isa = PBXGroup;
			children = (
				A77569571D655DCE008D3718 /* MrposGeeks */,
				A77569711D655DCE008D3718 /* MrposGeeksTests */,
				A775697C1D655DCE008D3718 /* MrposGeeksUITests */,
				A77569561D655DCE008D3718 /* Products */,
				32C1451AE2A5236867B30074 /* Pods */,
				FBA0DB2F0A0539E2C78A1930 /* Frameworks */,
			);
			sourceTree = "<group>";
		};
		A77569561D655DCE008D3718 /* Products */ = {
			isa = PBXGroup;
			children = (
				A77569551D655DCE008D3718 /* MrposGeeks.app */,
				A775696E1D655DCE008D3718 /* MrposGeeksTests.xctest */,
				A77569791D655DCE008D3718 /* MrposGeeksUITests.xctest */,
			);
			name = Products;
			sourceTree = "<group>";
		};
		A77569571D655DCE008D3718 /* MrposGeeks */ = {
			isa = PBXGroup;
			children = (
				A775695B1D655DCE008D3718 /* AppDelegate.h */,
				A775695C1D655DCE008D3718 /* AppDelegate.m */,
				A77569641D655DCE008D3718 /* Assets.xcassets */,
				A77569691D655DCE008D3718 /* Info.plist */,
				A775695E1D655DCE008D3718 /* ViewController.h */,
				A775695F1D655DCE008D3718 /* ViewController.m */,
				A775698B1D6560BA008D3718 /* Storyboards */,
				A775698D1D656152008D3718 /* Navigations */,
				A7ED27621D76C9E000EF2E11 /* RTLogin */,
				A775698C1D656135008D3718 /* RTRoot */,
				A7C1DDB51D77D81200BB863C /* RTMenuIndex */,
				A76E417E1D90E705005E5031 /* RTMenuOrder */,
				A7DAEB671D879CAE00EAF660 /* RTMenuPackage */,
				A70F0BFA1D66EFA60092124D /* RTMenuDish */,
				07FF6DFC1D7E70E700A8856A /* RTMenuDishOption */,
				A7C1DDB01D77D36900BB863C /* RTMenuDesktop */,
				A7C1DDB11D77D49200BB863C /* RTMenuSystemSetting */,
				A775698E1D656168008D3718 /* RTPublicCells */,
				A775698F1D656175008D3718 /* Objects */,
				A77569581D655DCE008D3718 /* Supporting Files */,
			);
			path = MrposGeeks;
			sourceTree = "<group>";
		};
		A77569581D655DCE008D3718 /* Supporting Files */ = {
			isa = PBXGroup;
			children = (
				A77569A41D656768008D3718 /* Menu.plist */,
				A77569591D655DCE008D3718 /* main.m */,
				A74DC4DC1D795062004DEA56 /* Localizable.strings */,
			);
			name = "Supporting Files";
			sourceTree = "<group>";
		};
		A77569711D655DCE008D3718 /* MrposGeeksTests */ = {
			isa = PBXGroup;
			children = (
				A77569721D655DCE008D3718 /* MrposGeeksTests.m */,
				A77569741D655DCE008D3718 /* Info.plist */,
			);
			path = MrposGeeksTests;
			sourceTree = "<group>";
		};
		A775697C1D655DCE008D3718 /* MrposGeeksUITests */ = {
			isa = PBXGroup;
			children = (
				A775697D1D655DCE008D3718 /* MrposGeeksUITests.m */,
				A775697F1D655DCE008D3718 /* Info.plist */,
			);
			path = MrposGeeksUITests;
			sourceTree = "<group>";
		};
		A775698B1D6560BA008D3718 /* Storyboards */ = {
			isa = PBXGroup;
			children = (
				A77569661D655DCE008D3718 /* LaunchScreen.storyboard */,
				A77569611D655DCE008D3718 /* Main.storyboard */,
				A7ED27601D76C7C400EF2E11 /* RTLogin.storyboard */,
				A77569901D656348008D3718 /* RTRootMenu.storyboard */,
				A70F0BE61D66AC0A0092124D /* RTMenuIndex.storyboard */,
				A76E417C1D90E678005E5031 /* RTMenuOrder.storyboard */,
				A7DAEB681D879CE100EAF660 /* RTMenuPackage.storyboard */,
				A70F0BEB1D66AEFD0092124D /* RTMenuDish.storyboard */,
				07FF6DFA1D7E68F100A8856A /* RTMenuDishOption.storyboard */,
				A7C1DDAE1D77D26A00BB863C /* RTMenuDesktop.storyboard */,
				A77569A61D657115008D3718 /* RTMenuSystem.storyboard */,
			);
			name = Storyboards;
			sourceTree = "<group>";
		};
		A775698C1D656135008D3718 /* RTRoot */ = {
			isa = PBXGroup;
			children = (
				A7B2A8F91D922698002A25FE /* menuOld */,
				A77569921D656386008D3718 /* RTRoot.h */,
				A77569931D656386008D3718 /* RTRoot.m */,
				A76E418B1D912802005E5031 /* RTMenuCollection.h */,
				A76E418C1D912802005E5031 /* RTMenuCollection.m */,
				A76E418E1D9128DB005E5031 /* RTMenuItemCollectionCell.h */,
				A76E418F1D9128DB005E5031 /* RTMenuItemCollectionCell.m */,
			);
			name = RTRoot;
			sourceTree = "<group>";
		};
		A775698D1D656152008D3718 /* Navigations */ = {
			isa = PBXGroup;
			children = (
				A77569951D656412008D3718 /* RTNavigationController.h */,
				A77569961D656412008D3718 /* RTNavigationController.m */,
			);
			name = Navigations;
			sourceTree = "<group>";
		};
		A775698E1D656168008D3718 /* RTPublicCells */ = {
			isa = PBXGroup;
			children = (
			);
			name = RTPublicCells;
			sourceTree = "<group>";
		};
		A775698F1D656175008D3718 /* Objects */ = {
			isa = PBXGroup;
			children = (
				A74DC4C71D794699004DEA56 /* Crypt */,
				A74DC4D51D794B49004DEA56 /* RTAlertView.h */,
				A74DC4D61D794B49004DEA56 /* RTAlertView.m */,
				A7ED275D1D76C61200EF2E11 /* RTDatabaseCore.h */,
				A7ED275E1D76C61200EF2E11 /* RTDatabaseCore.m */,
				A7C1DDBC1D77E8CF00BB863C /* RTStringCheck.h */,
				A7C1DDBD1D77E8CF00BB863C /* RTStringCheck.m */,
				EED6C5751D8990B80086C3BF /* RTViewLayer.h */,
				EED6C5761D8990B80086C3BF /* RTViewLayer.m */,
				A770F2F71D9D08EB0013E6B8 /* RTLoginUser.h */,
				A770F2F81D9D08EB0013E6B8 /* RTLoginUser.m */,
			);
			name = Objects;
			sourceTree = "<group>";
		};
		A77798921D94C44000CC8BAF /* singleDish */ = {
			isa = PBXGroup;
			children = (
				A7B2A8FA1D9238D4002A25FE /* RTMenuOrderSingleDish.h */,
				A7B2A8FB1D9238D4002A25FE /* RTMenuOrderSingleDish.m */,
				A7B2A9061D926851002A25FE /* RTMenuOrderSingleDishOption.h */,
				A7B2A9071D926851002A25FE /* RTMenuOrderSingleDishOption.m */,
				A7B2A9091D92873F002A25FE /* RTMenuOrderSingleDishOptionType.h */,
				A7B2A90A1D92873F002A25FE /* RTMenuOrderSingleDishOptionType.m */,
			);
			name = singleDish;
			sourceTree = "<group>";
		};
		A77798931D94C48600CC8BAF /* insideDesktop */ = {
			isa = PBXGroup;
			children = (
				A76E41821D9103D1005E5031 /* RTMenuOrderArea.h */,
				A76E41831D9103D1005E5031 /* RTMenuOrderArea.m */,
				A76E41851D910495005E5031 /* RTMenuOrderAreaCellOn.h */,
				A76E41861D910495005E5031 /* RTMenuOrderAreaCellOn.m */,
				A76E41881D910536005E5031 /* RTMenuOrderAreaCellOff.h */,
				A76E41891D910536005E5031 /* RTMenuOrderAreaCellOff.m */,
			);
			name = insideDesktop;
			sourceTree = "<group>";
		};
		A77798941D94C4B200CC8BAF /* outSide */ = {
			isa = PBXGroup;
			children = (
				A76E41921D913EBE005E5031 /* RTMenuOrderOutside.h */,
				A76E41931D913EBE005E5031 /* RTMenuOrderOutside.m */,
			);
			name = outSide;
			sourceTree = "<group>";
		};
		A77798951D94C4D100CC8BAF /* singlePackage */ = {
			isa = PBXGroup;
			children = (
				A7B2A9001D9253E8002A25FE /* RTMenuOrderPackage.h */,
				A7B2A9011D9253E8002A25FE /* RTMenuOrderPackage.m */,
				A782AD631D9917FB00C0012B /* packageCell */,
				A782AD621D9913B400C0012B /* packageNavigation */,
				A782AD531D98B18B00C0012B /* RTMenuOrderPackageChoose.h */,
				A782AD541D98B18B00C0012B /* RTMenuOrderPackageChoose.m */,
				A782AD501D98B12800C0012B /* RTMenuOrderPackageDish.h */,
				A782AD511D98B12800C0012B /* RTMenuOrderPackageDish.m */,
				A782AD641D991F4000C0012B /* RTMenuOrderPackageDishOption.h */,
				A782AD651D991F4000C0012B /* RTMenuOrderPackageDishOption.m */,
				A782AD671D991F5F00C0012B /* RTMenuOrderPackageDishOptionType.h */,
				A782AD681D991F5F00C0012B /* RTMenuOrderPackageDishOptionType.m */,
			);
			name = singlePackage;
			sourceTree = "<group>";
		};
		A77798961D94C4EB00CC8BAF /* orderView */ = {
			isa = PBXGroup;
			children = (
				A77798971D94C54500CC8BAF /* RTMenuOrderCheckoutSingleCell.h */,
				A77798981D94C54500CC8BAF /* RTMenuOrderCheckoutSingleCell.m */,
				A739301F1D9A9F1400E685B9 /* RTMenuOrderCheckoutPackageCell.h */,
				A73930201D9A9F1500E685B9 /* RTMenuOrderCheckoutPackageCell.m */,
				A777988F1D94C33E00CC8BAF /* RTMenuOrderViewItem.h */,
				A77798901D94C33E00CC8BAF /* RTMenuOrderViewItem.m */,
				A73930221D9BB7E300E685B9 /* RTMenuOrderViewPackageType.h */,
				A73930231D9BB7E300E685B9 /* RTMenuOrderViewPackageType.m */,
				A73930191D9A9A7300E685B9 /* RTMenuOrderViewPackageDish.h */,
				A739301A1D9A9A7300E685B9 /* RTMenuOrderViewPackageDish.m */,
			);
			name = orderView;
			sourceTree = "<group>";
		};
		A782AD621D9913B400C0012B /* packageNavigation */ = {
			isa = PBXGroup;
			children = (
				A782AD561D98BB7500C0012B /* RTNavigationChoosePackage.h */,
				A782AD571D98BB7500C0012B /* RTNavigationChoosePackage.m */,
			);
			name = packageNavigation;
			sourceTree = "<group>";
		};
		A782AD631D9917FB00C0012B /* packageCell */ = {
			isa = PBXGroup;
			children = (
				A782AD591D98CF2700C0012B /* RTMenuOrderPackageCellTitle.h */,
				A782AD5A1D98CF2700C0012B /* RTMenuOrderPackageCellTitle.m */,
				A782AD5C1D98CF3D00C0012B /* RTMenuOrderPackageCellChoose.h */,
				A782AD5D1D98CF3D00C0012B /* RTMenuOrderPackageCellChoose.m */,
				A7B2A9031D9253F8002A25FE /* RTMenuOrderPackageCell.h */,
				A7B2A9041D9253F8002A25FE /* RTMenuOrderPackageCell.m */,
			);
			name = packageCell;
			sourceTree = "<group>";
		};
		A7B2A8F91D922698002A25FE /* menuOld */ = {
			isa = PBXGroup;
			children = (
				A775699B1D656598008D3718 /* RTMenu.h */,
				A775699C1D656598008D3718 /* RTMenu.m */,
				A775699E1D656633008D3718 /* RTMenuItemCell.h */,
				A775699F1D656633008D3718 /* RTMenuItemCell.m */,
			);
			name = menuOld;
			sourceTree = "<group>";
		};
		A7C1DDB01D77D36900BB863C /* RTMenuDesktop */ = {
			isa = PBXGroup;
			children = (
				A7C1DDB21D77D5A000BB863C /* RTMenuDesktop.h */,
				A7C1DDB31D77D5A000BB863C /* RTMenuDesktop.m */,
				A7C1DDB61D77DC4A00BB863C /* RTMenuDesktopArea.h */,
				A7C1DDB71D77DC4A00BB863C /* RTMenuDesktopArea.m */,
				A7C1DDBF1D78277800BB863C /* RTMenuDesktopAreaForm.h */,
				A7C1DDC01D78277800BB863C /* RTMenuDesktopAreaForm.m */,
				A74DC4DD1D797184004DEA56 /* RTMenuDesktopDataForm.h */,
				A74DC4DE1D797184004DEA56 /* RTMenuDesktopDataForm.m */,
				A7C1DDB91D77DD4D00BB863C /* RTMenuDesktopAreaCell.h */,
				A7C1DDBA1D77DD4D00BB863C /* RTMenuDesktopAreaCell.m */,
			);
			name = RTMenuDesktop;
			sourceTree = "<group>";
		};
		A7C1DDB11D77D49200BB863C /* RTMenuSystemSetting */ = {
			isa = PBXGroup;
			children = (
				A77569A81D6585C3008D3718 /* RTMenuSystem.h */,
				A77569A91D6585C3008D3718 /* RTMenuSystem.m */,
			);
			name = RTMenuSystemSetting;
			sourceTree = "<group>";
		};
		A7C1DDB51D77D81200BB863C /* RTMenuIndex */ = {
			isa = PBXGroup;
			children = (
				A70F0BE81D66ACEA0092124D /* RTMenuIndex.h */,
				A70F0BE91D66ACEA0092124D /* RTMenuIndex.m */,
			);
			name = RTMenuIndex;
			sourceTree = "<group>";
		};
		A7DAEB671D879CAE00EAF660 /* RTMenuPackage */ = {
			isa = PBXGroup;
			children = (
				A7DAEB6A1D879D9C00EAF660 /* RTMenuPackage.h */,
				A7DAEB6B1D879D9C00EAF660 /* RTMenuPackage.m */,
				A7DAEB6D1D87CD5A00EAF660 /* RTMenuPackageMain.h */,
				A7DAEB6E1D87CD5A00EAF660 /* RTMenuPackageMain.m */,
				A7DAEB731D87D61C00EAF660 /* RTMenuPackageMainForm.h */,
				A7DAEB741D87D61C00EAF660 /* RTMenuPackageMainForm.m */,
				A7DAEB761D87D87600EAF660 /* RTMenuPackageTypeForm.h */,
				A7DAEB771D87D87600EAF660 /* RTMenuPackageTypeForm.m */,
				A7DAEB701D87CFBB00EAF660 /* RTMenuPackageMainCell.h */,
				A7DAEB711D87CFBB00EAF660 /* RTMenuPackageMainCell.m */,
				A7DAEB791D87DBDB00EAF660 /* RTMenuPackageTypeFormCell.h */,
				A7DAEB7A1D87DBDB00EAF660 /* RTMenuPackageTypeFormCell.m */,
				A7DAEB7C1D87E5FC00EAF660 /* RTMenuPackageChooseDish.h */,
				A7DAEB7D1D87E5FC00EAF660 /* RTMenuPackageChooseDish.m */,
				EE4B6FC31D88545C0053A8F4 /* RTMenuPackageChooseDishType.h */,
				EE4B6FC41D88545C0053A8F4 /* RTMenuPackageChooseDishType.m */,
				EE4B6FC01D8853420053A8F4 /* RTMenuPackageChooseDishCell.h */,
				EE4B6FC11D8853420053A8F4 /* RTMenuPackageChooseDishCell.m */,
			);
			name = RTMenuPackage;
			sourceTree = "<group>";
		};
		A7ED27621D76C9E000EF2E11 /* RTLogin */ = {
			isa = PBXGroup;
			children = (
				A7ED27631D76CA1000EF2E11 /* RTLogin.h */,
				A7ED27641D76CA1000EF2E11 /* RTLogin.m */,
				A74DC4C41D79335E004DEA56 /* RTLoginUserCell.h */,
				A74DC4C51D79335E004DEA56 /* RTLoginUserCell.m */,
			);
			name = RTLogin;
			sourceTree = "<group>";
		};
		FBA0DB2F0A0539E2C78A1930 /* Frameworks */ = {
			isa = PBXGroup;
			children = (
				A7ED27671D76CBEB00EF2E11 /* libsqlite3.tbd */,
				FD36E7F226A3B408FF06C25D /* libPods.a */,
			);
			name = Frameworks;
			sourceTree = "<group>";
		};
/* End PBXGroup section */

/* Begin PBXNativeTarget section */
		A77569541D655DCE008D3718 /* MrposGeeks */ = {
			isa = PBXNativeTarget;
			buildConfigurationList = A77569821D655DCE008D3718 /* Build configuration list for PBXNativeTarget "MrposGeeks" */;
			buildPhases = (
				0F376D03DEF7C2B9DF70D02A /* Check Pods Manifest.lock */,
				A77569511D655DCE008D3718 /* Sources */,
				A77569521D655DCE008D3718 /* Frameworks */,
				A77569531D655DCE008D3718 /* Resources */,
				B57FD66BDB0D0D657C2ABE4C /* Embed Pods Frameworks */,
				AA13D896584B366E49B6D5F7 /* Copy Pods Resources */,
			);
			buildRules = (
			);
			dependencies = (
			);
			name = MrposGeeks;
			productName = MrposGeeks;
			productReference = A77569551D655DCE008D3718 /* MrposGeeks.app */;
			productType = "com.apple.product-type.application";
		};
		A775696D1D655DCE008D3718 /* MrposGeeksTests */ = {
			isa = PBXNativeTarget;
			buildConfigurationList = A77569851D655DCE008D3718 /* Build configuration list for PBXNativeTarget "MrposGeeksTests" */;
			buildPhases = (
				A775696A1D655DCE008D3718 /* Sources */,
				A775696B1D655DCE008D3718 /* Frameworks */,
				A775696C1D655DCE008D3718 /* Resources */,
			);
			buildRules = (
			);
			dependencies = (
				A77569701D655DCE008D3718 /* PBXTargetDependency */,
			);
			name = MrposGeeksTests;
			productName = MrposGeeksTests;
			productReference = A775696E1D655DCE008D3718 /* MrposGeeksTests.xctest */;
			productType = "com.apple.product-type.bundle.unit-test";
		};
		A77569781D655DCE008D3718 /* MrposGeeksUITests */ = {
			isa = PBXNativeTarget;
			buildConfigurationList = A77569881D655DCE008D3718 /* Build configuration list for PBXNativeTarget "MrposGeeksUITests" */;
			buildPhases = (
				A77569751D655DCE008D3718 /* Sources */,
				A77569761D655DCE008D3718 /* Frameworks */,
				A77569771D655DCE008D3718 /* Resources */,
			);
			buildRules = (
			);
			dependencies = (
				A775697B1D655DCE008D3718 /* PBXTargetDependency */,
			);
			name = MrposGeeksUITests;
			productName = MrposGeeksUITests;
			productReference = A77569791D655DCE008D3718 /* MrposGeeksUITests.xctest */;
			productType = "com.apple.product-type.bundle.ui-testing";
		};
/* End PBXNativeTarget section */

/* Begin PBXProject section */
		A775694D1D655DCE008D3718 /* Project object */ = {
			isa = PBXProject;
			attributes = {
				LastUpgradeCheck = 0730;
				ORGANIZATIONNAME = "任昌 陳";
				TargetAttributes = {
					A77569541D655DCE008D3718 = {
						CreatedOnToolsVersion = 7.3.1;
						DevelopmentTeam = 3B439Y4HSF;
					};
					A775696D1D655DCE008D3718 = {
						CreatedOnToolsVersion = 7.3.1;
						TestTargetID = A77569541D655DCE008D3718;
					};
					A77569781D655DCE008D3718 = {
						CreatedOnToolsVersion = 7.3.1;
						TestTargetID = A77569541D655DCE008D3718;
					};
				};
			};
			buildConfigurationList = A77569501D655DCE008D3718 /* Build configuration list for PBXProject "MrposGeeks" */;
			compatibilityVersion = "Xcode 3.2";
			developmentRegion = English;
			hasScannedForEncodings = 0;
			knownRegions = (
				en,
				Base,
			);
			mainGroup = A775694C1D655DCE008D3718;
			productRefGroup = A77569561D655DCE008D3718 /* Products */;
			projectDirPath = "";
			projectRoot = "";
			targets = (
				A77569541D655DCE008D3718 /* MrposGeeks */,
				A775696D1D655DCE008D3718 /* MrposGeeksTests */,
				A77569781D655DCE008D3718 /* MrposGeeksUITests */,
			);
		};
/* End PBXProject section */

/* Begin PBXResourcesBuildPhase section */
		A77569531D655DCE008D3718 /* Resources */ = {
			isa = PBXResourcesBuildPhase;
			buildActionMask = 2147483647;
			files = (
				A77569681D655DCE008D3718 /* LaunchScreen.storyboard in Resources */,
				A7ED27611D76C7C400EF2E11 /* RTLogin.storyboard in Resources */,
				07FF6DFB1D7E68F100A8856A /* RTMenuDishOption.storyboard in Resources */,
				A74DC4DA1D795062004DEA56 /* Localizable.strings in Resources */,
				A77569651D655DCE008D3718 /* Assets.xcassets in Resources */,
				A77569631D655DCE008D3718 /* Main.storyboard in Resources */,
				A76E417D1D90E678005E5031 /* RTMenuOrder.storyboard in Resources */,
				A77569A71D657115008D3718 /* RTMenuSystem.storyboard in Resources */,
				A70F0BEC1D66AEFD0092124D /* RTMenuDish.storyboard in Resources */,
				A7DAEB691D879CE100EAF660 /* RTMenuPackage.storyboard in Resources */,
				A7C1DDAF1D77D26A00BB863C /* RTMenuDesktop.storyboard in Resources */,
				A70F0BE71D66AC0A0092124D /* RTMenuIndex.storyboard in Resources */,
				A77569911D656348008D3718 /* RTRootMenu.storyboard in Resources */,
				A77569A51D656768008D3718 /* Menu.plist in Resources */,
			);
			runOnlyForDeploymentPostprocessing = 0;
		};
		A775696C1D655DCE008D3718 /* Resources */ = {
			isa = PBXResourcesBuildPhase;
			buildActionMask = 2147483647;
			files = (
			);
			runOnlyForDeploymentPostprocessing = 0;
		};
		A77569771D655DCE008D3718 /* Resources */ = {
			isa = PBXResourcesBuildPhase;
			buildActionMask = 2147483647;
			files = (
			);
			runOnlyForDeploymentPostprocessing = 0;
		};
/* End PBXResourcesBuildPhase section */

/* Begin PBXShellScriptBuildPhase section */
		0F376D03DEF7C2B9DF70D02A /* Check Pods Manifest.lock */ = {
			isa = PBXShellScriptBuildPhase;
			buildActionMask = 2147483647;
			files = (
			);
			inputPaths = (
			);
			name = "Check Pods Manifest.lock";
			outputPaths = (
			);
			runOnlyForDeploymentPostprocessing = 0;
			shellPath = /bin/sh;
			shellScript = "diff \"${PODS_ROOT}/../Podfile.lock\" \"${PODS_ROOT}/Manifest.lock\" > /dev/null\nif [[ $? != 0 ]] ; then\n    cat << EOM\nerror: The sandbox is not in sync with the Podfile.lock. Run 'pod install' or update your CocoaPods installation.\nEOM\n    exit 1\nfi\n";
			showEnvVarsInLog = 0;
		};
		AA13D896584B366E49B6D5F7 /* Copy Pods Resources */ = {
			isa = PBXShellScriptBuildPhase;
			buildActionMask = 2147483647;
			files = (
			);
			inputPaths = (
			);
			name = "Copy Pods Resources";
			outputPaths = (
			);
			runOnlyForDeploymentPostprocessing = 0;
			shellPath = /bin/sh;
			shellScript = "\"${SRCROOT}/Pods/Target Support Files/Pods/Pods-resources.sh\"\n";
			showEnvVarsInLog = 0;
		};
		B57FD66BDB0D0D657C2ABE4C /* Embed Pods Frameworks */ = {
			isa = PBXShellScriptBuildPhase;
			buildActionMask = 2147483647;
			files = (
			);
			inputPaths = (
			);
			name = "Embed Pods Frameworks";
			outputPaths = (
			);
			runOnlyForDeploymentPostprocessing = 0;
			shellPath = /bin/sh;
			shellScript = "\"${SRCROOT}/Pods/Target Support Files/Pods/Pods-frameworks.sh\"\n";
			showEnvVarsInLog = 0;
		};
/* End PBXShellScriptBuildPhase section */

/* Begin PBXSourcesBuildPhase section */
		A77569511D655DCE008D3718 /* Sources */ = {
			isa = PBXSourcesBuildPhase;
			buildActionMask = 2147483647;
			files = (
				075273251D82986C00B13DEC /* RTMenuDishOptionType.m in Sources */,
				A782AD661D991F4000C0012B /* RTMenuOrderPackageDishOption.m in Sources */,
				A775699D1D656598008D3718 /* RTMenu.m in Sources */,
				A70F0BEA1D66ACEA0092124D /* RTMenuIndex.m in Sources */,
				A77569971D656412008D3718 /* RTNavigationController.m in Sources */,
				A76E41941D913EBE005E5031 /* RTMenuOrderOutside.m in Sources */,
				A74DC4D11D7946C1004DEA56 /* NSData+Base64.m in Sources */,
				07FF6E001D7E714B00A8856A /* RTMenuDishOption.m in Sources */,
				A7CDD07C1D864CAE00B35C3F /* RTMenuDishOptionDataForm.m in Sources */,
				A770F2F61D9CC89F0013E6B8 /* RTMenuOrderInside.m in Sources */,
				A7B2A9021D9253E8002A25FE /* RTMenuOrderPackage.m in Sources */,
				A77569601D655DCE008D3718 /* ViewController.m in Sources */,
				A7B2A8FC1D9238D4002A25FE /* RTMenuOrderSingleDish.m in Sources */,
				A7B2A90B1D92873F002A25FE /* RTMenuOrderSingleDishOptionType.m in Sources */,
				A7DAEB751D87D61C00EAF660 /* RTMenuPackageMainForm.m in Sources */,
				A7DAEB6C1D879D9C00EAF660 /* RTMenuPackage.m in Sources */,
				A7B2A90E1D928753002A25FE /* RTMenuOrderDishOptionTypeRadioCell.m in Sources */,
				A739301B1D9A9A7300E685B9 /* RTMenuOrderViewPackageDish.m in Sources */,
				A7CDD0791D864C7500B35C3F /* RTMenuDishOptionTypeForm.m in Sources */,
				A77569AA1D6585C3008D3718 /* RTMenuSystem.m in Sources */,
				A7C1DDBE1D77E8CF00BB863C /* RTStringCheck.m in Sources */,
				A70F0BF21D66B4060092124D /* RTMenuDishType.m in Sources */,
				A782AD5E1D98CF3D00C0012B /* RTMenuOrderPackageCellChoose.m in Sources */,
				A76E418A1D910536005E5031 /* RTMenuOrderAreaCellOff.m in Sources */,
				A7B2A9081D926851002A25FE /* RTMenuOrderSingleDishOption.m in Sources */,
				A70F0BF81D66B4D20092124D /* RTMenuDishTypeCell.m in Sources */,
				A7DAEB6F1D87CD5A00EAF660 /* RTMenuPackageMain.m in Sources */,
				A7ED27651D76CA1000EF2E11 /* RTLogin.m in Sources */,
				A782AD551D98B18B00C0012B /* RTMenuOrderPackageChoose.m in Sources */,
				A7B2A8FF1D9238F7002A25FE /* RTMenuOrderDishTypeCell.m in Sources */,
				A7DAEB721D87CFBB00EAF660 /* RTMenuPackageMainCell.m in Sources */,
				A7C1DDB41D77D5A000BB863C /* RTMenuDesktop.m in Sources */,
				A7CDD07F1D8675AF00B35C3F /* RTMenuDishTypeForm.m in Sources */,
				A73930241D9BB7E300E685B9 /* RTMenuOrderViewPackageType.m in Sources */,
				A76E41871D910495005E5031 /* RTMenuOrderAreaCellOn.m in Sources */,
				A775695D1D655DCE008D3718 /* AppDelegate.m in Sources */,
				A74DC4D31D7946C1004DEA56 /* NSString+Base64.m in Sources */,
				A76E418D1D912802005E5031 /* RTMenuCollection.m in Sources */,
				A76E41901D9128DB005E5031 /* RTMenuItemCollectionCell.m in Sources */,
				A77798911D94C33F00CC8BAF /* RTMenuOrderViewItem.m in Sources */,
				A782AD521D98B12800C0012B /* RTMenuOrderPackageDish.m in Sources */,
				A782AD5B1D98CF2700C0012B /* RTMenuOrderPackageCellTitle.m in Sources */,
				A7CDD0851D86914100B35C3F /* RTMenuDishDataFormCell.m in Sources */,
				EE4B6FC51D88545C0053A8F4 /* RTMenuPackageChooseDishType.m in Sources */,
				A76E41811D90E738005E5031 /* RTMenuOrder.m in Sources */,
				A7C1DDBB1D77DD4D00BB863C /* RTMenuDesktopAreaCell.m in Sources */,
				A70F0BEF1D66AF8F0092124D /* RTMenuDish.m in Sources */,
				EED6C5771D8990B80086C3BF /* RTViewLayer.m in Sources */,
				A74DC4DF1D797184004DEA56 /* RTMenuDesktopDataForm.m in Sources */,
				A77569A01D656633008D3718 /* RTMenuItemCell.m in Sources */,
				A73930211D9A9F1500E685B9 /* RTMenuOrderCheckoutPackageCell.m in Sources */,
				A770F2F91D9D08EB0013E6B8 /* RTLoginUser.m in Sources */,
				A77798991D94C54500CC8BAF /* RTMenuOrderCheckoutSingleCell.m in Sources */,
				A76E41841D9103D1005E5031 /* RTMenuOrderArea.m in Sources */,
				A7DAEB7B1D87DBDB00EAF660 /* RTMenuPackageTypeFormCell.m in Sources */,
				A74DC4C61D79335E004DEA56 /* RTLoginUserCell.m in Sources */,
				A7C1DDB81D77DC4A00BB863C /* RTMenuDesktopArea.m in Sources */,
				A74DC4D71D794B49004DEA56 /* RTAlertView.m in Sources */,
				A77569941D656386008D3718 /* RTRoot.m in Sources */,
				EE4B6FC21D8853420053A8F4 /* RTMenuPackageChooseDishCell.m in Sources */,
				A7B2A9051D9253F8002A25FE /* RTMenuOrderPackageCell.m in Sources */,
				A7CDD0821D8675E200B35C3F /* RTMenuDishDataForm.m in Sources */,
				A7B2A9111D9288D8002A25FE /* RTMenuOrderDishOptionTypeCheckCell.m in Sources */,
				A74DC4D21D7946C1004DEA56 /* NSData+CommonCrypto.m in Sources */,
				A7C1DDC11D78277800BB863C /* RTMenuDesktopAreaForm.m in Sources */,
				A782AD581D98BB7500C0012B /* RTNavigationChoosePackage.m in Sources */,
				A775695A1D655DCE008D3718 /* main.m in Sources */,
				A7DAEB781D87D87600EAF660 /* RTMenuPackageTypeForm.m in Sources */,
				A74DC4D01D7946C1004DEA56 /* AESCrypt.m in Sources */,
				A7DAEB7E1D87E5FC00EAF660 /* RTMenuPackageChooseDish.m in Sources */,
				A7ED275F1D76C61200EF2E11 /* RTDatabaseCore.m in Sources */,
				075273281D82993300B13DEC /* RTMenuDishOptionTypeCell.m in Sources */,
				A782AD691D991F5F00C0012B /* RTMenuOrderPackageDishOptionType.m in Sources */,
			);
			runOnlyForDeploymentPostprocessing = 0;
		};
		A775696A1D655DCE008D3718 /* Sources */ = {
			isa = PBXSourcesBuildPhase;
			buildActionMask = 2147483647;
			files = (
				A77569731D655DCE008D3718 /* MrposGeeksTests.m in Sources */,
			);
			runOnlyForDeploymentPostprocessing = 0;
		};
		A77569751D655DCE008D3718 /* Sources */ = {
			isa = PBXSourcesBuildPhase;
			buildActionMask = 2147483647;
			files = (
				A775697E1D655DCE008D3718 /* MrposGeeksUITests.m in Sources */,
			);
			runOnlyForDeploymentPostprocessing = 0;
		};
/* End PBXSourcesBuildPhase section */

/* Begin PBXTargetDependency section */
		A77569701D655DCE008D3718 /* PBXTargetDependency */ = {
			isa = PBXTargetDependency;
			target = A77569541D655DCE008D3718 /* MrposGeeks */;
			targetProxy = A775696F1D655DCE008D3718 /* PBXContainerItemProxy */;
		};
		A775697B1D655DCE008D3718 /* PBXTargetDependency */ = {
			isa = PBXTargetDependency;
			target = A77569541D655DCE008D3718 /* MrposGeeks */;
			targetProxy = A775697A1D655DCE008D3718 /* PBXContainerItemProxy */;
		};
/* End PBXTargetDependency section */

/* Begin PBXVariantGroup section */
		A74DC4DC1D795062004DEA56 /* Localizable.strings */ = {
			isa = PBXVariantGroup;
			children = (
				A74DC4DB1D795062004DEA56 /* Base */,
			);
			name = Localizable.strings;
			sourceTree = "<group>";
		};
		A77569611D655DCE008D3718 /* Main.storyboard */ = {
			isa = PBXVariantGroup;
			children = (
				A77569621D655DCE008D3718 /* Base */,
			);
			name = Main.storyboard;
			sourceTree = "<group>";
		};
		A77569661D655DCE008D3718 /* LaunchScreen.storyboard */ = {
			isa = PBXVariantGroup;
			children = (
				A77569671D655DCE008D3718 /* Base */,
			);
			name = LaunchScreen.storyboard;
			sourceTree = "<group>";
		};
/* End PBXVariantGroup section */

/* Begin XCBuildConfiguration section */
		A77569801D655DCE008D3718 /* Debug */ = {
			isa = XCBuildConfiguration;
			buildSettings = {
				ALWAYS_SEARCH_USER_PATHS = NO;
				CLANG_ANALYZER_NONNULL = YES;
				CLANG_CXX_LANGUAGE_STANDARD = "gnu++0x";
				CLANG_CXX_LIBRARY = "libc++";
				CLANG_ENABLE_MODULES = YES;
				CLANG_ENABLE_OBJC_ARC = YES;
				CLANG_WARN_BOOL_CONVERSION = YES;
				CLANG_WARN_CONSTANT_CONVERSION = YES;
				CLANG_WARN_DIRECT_OBJC_ISA_USAGE = YES_ERROR;
				CLANG_WARN_EMPTY_BODY = YES;
				CLANG_WARN_ENUM_CONVERSION = YES;
				CLANG_WARN_INT_CONVERSION = YES;
				CLANG_WARN_OBJC_ROOT_CLASS = YES_ERROR;
				CLANG_WARN_UNREACHABLE_CODE = YES;
				CLANG_WARN__DUPLICATE_METHOD_MATCH = YES;
				"CODE_SIGN_IDENTITY[sdk=iphoneos*]" = "iPhone Developer";
				COPY_PHASE_STRIP = NO;
				DEBUG_INFORMATION_FORMAT = dwarf;
				ENABLE_STRICT_OBJC_MSGSEND = YES;
				ENABLE_TESTABILITY = YES;
				GCC_C_LANGUAGE_STANDARD = gnu99;
				GCC_DYNAMIC_NO_PIC = NO;
				GCC_NO_COMMON_BLOCKS = YES;
				GCC_OPTIMIZATION_LEVEL = 0;
				GCC_PREPROCESSOR_DEFINITIONS = (
					"DEBUG=1",
					"$(inherited)",
				);
				GCC_WARN_64_TO_32_BIT_CONVERSION = YES;
				GCC_WARN_ABOUT_RETURN_TYPE = YES_ERROR;
				GCC_WARN_UNDECLARED_SELECTOR = YES;
				GCC_WARN_UNINITIALIZED_AUTOS = YES_AGGRESSIVE;
				GCC_WARN_UNUSED_FUNCTION = YES;
				GCC_WARN_UNUSED_VARIABLE = YES;
				IPHONEOS_DEPLOYMENT_TARGET = 9.3;
				MTL_ENABLE_DEBUG_INFO = YES;
				ONLY_ACTIVE_ARCH = YES;
				SDKROOT = iphoneos;
				TARGETED_DEVICE_FAMILY = 2;
			};
			name = Debug;
		};
		A77569811D655DCE008D3718 /* Release */ = {
			isa = XCBuildConfiguration;
			buildSettings = {
				ALWAYS_SEARCH_USER_PATHS = NO;
				CLANG_ANALYZER_NONNULL = YES;
				CLANG_CXX_LANGUAGE_STANDARD = "gnu++0x";
				CLANG_CXX_LIBRARY = "libc++";
				CLANG_ENABLE_MODULES = YES;
				CLANG_ENABLE_OBJC_ARC = YES;
				CLANG_WARN_BOOL_CONVERSION = YES;
				CLANG_WARN_CONSTANT_CONVERSION = YES;
				CLANG_WARN_DIRECT_OBJC_ISA_USAGE = YES_ERROR;
				CLANG_WARN_EMPTY_BODY = YES;
				CLANG_WARN_ENUM_CONVERSION = YES;
				CLANG_WARN_INT_CONVERSION = YES;
				CLANG_WARN_OBJC_ROOT_CLASS = YES_ERROR;
				CLANG_WARN_UNREACHABLE_CODE = YES;
				CLANG_WARN__DUPLICATE_METHOD_MATCH = YES;
				"CODE_SIGN_IDENTITY[sdk=iphoneos*]" = "iPhone Developer";
				COPY_PHASE_STRIP = NO;
				DEBUG_INFORMATION_FORMAT = "dwarf-with-dsym";
				ENABLE_NS_ASSERTIONS = NO;
				ENABLE_STRICT_OBJC_MSGSEND = YES;
				GCC_C_LANGUAGE_STANDARD = gnu99;
				GCC_NO_COMMON_BLOCKS = YES;
				GCC_WARN_64_TO_32_BIT_CONVERSION = YES;
				GCC_WARN_ABOUT_RETURN_TYPE = YES_ERROR;
				GCC_WARN_UNDECLARED_SELECTOR = YES;
				GCC_WARN_UNINITIALIZED_AUTOS = YES_AGGRESSIVE;
				GCC_WARN_UNUSED_FUNCTION = YES;
				GCC_WARN_UNUSED_VARIABLE = YES;
				IPHONEOS_DEPLOYMENT_TARGET = 9.3;
				MTL_ENABLE_DEBUG_INFO = NO;
				SDKROOT = iphoneos;
				TARGETED_DEVICE_FAMILY = 2;
				VALIDATE_PRODUCT = YES;
			};
			name = Release;
		};
		A77569831D655DCE008D3718 /* Debug */ = {
			isa = XCBuildConfiguration;
			baseConfigurationReference = E96A0F8445D559207D2CF0E1 /* Pods.debug.xcconfig */;
			buildSettings = {
				ASSETCATALOG_COMPILER_APPICON_NAME = AppIcon;
				DEVELOPMENT_TEAM = 3B439Y4HSF;
				INFOPLIST_FILE = MrposGeeks/Info.plist;
				IPHONEOS_DEPLOYMENT_TARGET = 9.0;
				LD_RUNPATH_SEARCH_PATHS = "$(inherited) @executable_path/Frameworks";
				PRODUCT_BUNDLE_IDENTIFIER = tw.realtime.MrposGeeksRT;
				PRODUCT_NAME = "$(TARGET_NAME)";
			};
			name = Debug;
		};
		A77569841D655DCE008D3718 /* Release */ = {
			isa = XCBuildConfiguration;
			baseConfigurationReference = B4FC5E3AB9A88D89DDF23E56 /* Pods.release.xcconfig */;
			buildSettings = {
				ASSETCATALOG_COMPILER_APPICON_NAME = AppIcon;
				DEVELOPMENT_TEAM = 3B439Y4HSF;
				INFOPLIST_FILE = MrposGeeks/Info.plist;
				IPHONEOS_DEPLOYMENT_TARGET = 9.0;
				LD_RUNPATH_SEARCH_PATHS = "$(inherited) @executable_path/Frameworks";
				PRODUCT_BUNDLE_IDENTIFIER = tw.realtime.MrposGeeksRT;
				PRODUCT_NAME = "$(TARGET_NAME)";
			};
			name = Release;
		};
		A77569861D655DCE008D3718 /* Debug */ = {
			isa = XCBuildConfiguration;
			buildSettings = {
				BUNDLE_LOADER = "$(TEST_HOST)";
				INFOPLIST_FILE = MrposGeeksTests/Info.plist;
				LD_RUNPATH_SEARCH_PATHS = "$(inherited) @executable_path/Frameworks @loader_path/Frameworks";
				PRODUCT_BUNDLE_IDENTIFIER = tw.realtime.MrposGeeksTests;
				PRODUCT_NAME = "$(TARGET_NAME)";
				TEST_HOST = "$(BUILT_PRODUCTS_DIR)/MrposGeeks.app/MrposGeeks";
			};
			name = Debug;
		};
		A77569871D655DCE008D3718 /* Release */ = {
			isa = XCBuildConfiguration;
			buildSettings = {
				BUNDLE_LOADER = "$(TEST_HOST)";
				INFOPLIST_FILE = MrposGeeksTests/Info.plist;
				LD_RUNPATH_SEARCH_PATHS = "$(inherited) @executable_path/Frameworks @loader_path/Frameworks";
				PRODUCT_BUNDLE_IDENTIFIER = tw.realtime.MrposGeeksTests;
				PRODUCT_NAME = "$(TARGET_NAME)";
				TEST_HOST = "$(BUILT_PRODUCTS_DIR)/MrposGeeks.app/MrposGeeks";
			};
			name = Release;
		};
		A77569891D655DCE008D3718 /* Debug */ = {
			isa = XCBuildConfiguration;
			buildSettings = {
				INFOPLIST_FILE = MrposGeeksUITests/Info.plist;
				LD_RUNPATH_SEARCH_PATHS = "$(inherited) @executable_path/Frameworks @loader_path/Frameworks";
				PRODUCT_BUNDLE_IDENTIFIER = tw.realtime.MrposGeeksUITests;
				PRODUCT_NAME = "$(TARGET_NAME)";
				TEST_TARGET_NAME = MrposGeeks;
			};
			name = Debug;
		};
		A775698A1D655DCE008D3718 /* Release */ = {
			isa = XCBuildConfiguration;
			buildSettings = {
				INFOPLIST_FILE = MrposGeeksUITests/Info.plist;
				LD_RUNPATH_SEARCH_PATHS = "$(inherited) @executable_path/Frameworks @loader_path/Frameworks";
				PRODUCT_BUNDLE_IDENTIFIER = tw.realtime.MrposGeeksUITests;
				PRODUCT_NAME = "$(TARGET_NAME)";
				TEST_TARGET_NAME = MrposGeeks;
			};
			name = Release;
		};
/* End XCBuildConfiguration section */

/* Begin XCConfigurationList section */
		A77569501D655DCE008D3718 /* Build configuration list for PBXProject "MrposGeeks" */ = {
			isa = XCConfigurationList;
			buildConfigurations = (
				A77569801D655DCE008D3718 /* Debug */,
				A77569811D655DCE008D3718 /* Release */,
			);
			defaultConfigurationIsVisible = 0;
			defaultConfigurationName = Release;
		};
		A77569821D655DCE008D3718 /* Build configuration list for PBXNativeTarget "MrposGeeks" */ = {
			isa = XCConfigurationList;
			buildConfigurations = (
				A77569831D655DCE008D3718 /* Debug */,
				A77569841D655DCE008D3718 /* Release */,
			);
			defaultConfigurationIsVisible = 0;
			defaultConfigurationName = Release;
		};
		A77569851D655DCE008D3718 /* Build configuration list for PBXNativeTarget "MrposGeeksTests" */ = {
			isa = XCConfigurationList;
			buildConfigurations = (
				A77569861D655DCE008D3718 /* Debug */,
				A77569871D655DCE008D3718 /* Release */,
			);
			defaultConfigurationIsVisible = 0;
			defaultConfigurationName = Release;
		};
		A77569881D655DCE008D3718 /* Build configuration list for PBXNativeTarget "MrposGeeksUITests" */ = {
			isa = XCConfigurationList;
			buildConfigurations = (
				A77569891D655DCE008D3718 /* Debug */,
				A775698A1D655DCE008D3718 /* Release */,
			);
			defaultConfigurationIsVisible = 0;
			defaultConfigurationName = Release;
		};
/* End XCConfigurationList section */
	};
	rootObject = A775694D1D655DCE008D3718 /* Project object */;
}
